{
  "name": "test",
  "version": "0.0.0",
  "lockfileVersion": 3,
  "requires": true,
  "packages": {
    "": {
      "name": "test",
      "version": "0.0.0",
      "devDependencies": {
        "@types/node": "^20.9.4",
        "typescript": "^5.2.2",
        "vite": "^5.0.0",
        "vite-plugin-plain-text": "^1.4.2"
      }
    },
    "node_modules/@esbuild/android-arm": {
      "version": "0.19.7",
      "resolved": "https://registry.npmjs.org/@esbuild/android-arm/-/android-arm-0.19.7.tgz",
      "integrity": "sha512-YGSPnndkcLo4PmVl2tKatEn+0mlVMr3yEpOOT0BeMria87PhvoJb5dg5f5Ft9fbCVgtAz4pWMzZVgSEGpDAlww==",
      "cpu": [
        "arm"
      ],
      "dev": true,
      "optional": true,
      "os": [
        "android"
      ],
      "engines": {
        "node": ">=12"
      }
    },
    "node_modules/@esbuild/android-arm64": {
      "version": "0.19.7",
      "resolved": "https://registry.npmjs.org/@esbuild/android-arm64/-/android-arm64-0.19.7.tgz",
      "integrity": "sha512-YEDcw5IT7hW3sFKZBkCAQaOCJQLONVcD4bOyTXMZz5fr66pTHnAet46XAtbXAkJRfIn2YVhdC6R9g4xa27jQ1w==",
      "cpu": [
        "arm64"
      ],
      "dev": true,
      "optional": true,
      "os": [
        "android"
      ],
      "engines": {
        "node": ">=12"
      }
    },
    "node_modules/@esbuild/android-x64": {
      "version": "0.19.7",
      "resolved": "https://registry.npmjs.org/@esbuild/android-x64/-/android-x64-0.19.7.tgz",
      "integrity": "sha512-jhINx8DEjz68cChFvM72YzrqfwJuFbfvSxZAk4bebpngGfNNRm+zRl4rtT9oAX6N9b6gBcFaJHFew5Blf6CvUw==",
      "cpu": [
        "x64"
      ],
      "dev": true,
      "optional": true,
      "os": [
        "android"
      ],
      "engines": {
        "node": ">=12"
      }
    },
    "node_modules/@esbuild/darwin-arm64": {
      "version": "0.19.7",
      "resolved": "https://registry.npmjs.org/@esbuild/darwin-arm64/-/darwin-arm64-0.19.7.tgz",
      "integrity": "sha512-dr81gbmWN//3ZnBIm6YNCl4p3pjnabg1/ZVOgz2fJoUO1a3mq9WQ/1iuEluMs7mCL+Zwv7AY5e3g1hjXqQZ9Iw==",
      "cpu": [
        "arm64"
      ],
      "dev": true,
      "optional": true,
      "os": [
        "darwin"
      ],
      "engines": {
        "node": ">=12"
      }
    },
    "node_modules/@esbuild/darwin-x64": {
      "version": "0.19.7",
      "resolved": "https://registry.npmjs.org/@esbuild/darwin-x64/-/darwin-x64-0.19.7.tgz",
      "integrity": "sha512-Lc0q5HouGlzQEwLkgEKnWcSazqr9l9OdV2HhVasWJzLKeOt0PLhHaUHuzb8s/UIya38DJDoUm74GToZ6Wc7NGQ==",
      "cpu": [
        "x64"
      ],
      "dev": true,
      "optional": true,
      "os": [
        "darwin"
      ],
      "engines": {
        "node": ">=12"
      }
    },
    "node_modules/@esbuild/freebsd-arm64": {
      "version": "0.19.7",
      "resolved": "https://registry.npmjs.org/@esbuild/freebsd-arm64/-/freebsd-arm64-0.19.7.tgz",
      "integrity": "sha512-+y2YsUr0CxDFF7GWiegWjGtTUF6gac2zFasfFkRJPkMAuMy9O7+2EH550VlqVdpEEchWMynkdhC9ZjtnMiHImQ==",
      "cpu": [
        "arm64"
      ],
      "dev": true,
      "optional": true,
      "os": [
        "freebsd"
      ],
      "engines": {
        "node": ">=12"
      }
    },
    "node_modules/@esbuild/freebsd-x64": {
      "version": "0.19.7",
      "resolved": "https://registry.npmjs.org/@esbuild/freebsd-x64/-/freebsd-x64-0.19.7.tgz",
      "integrity": "sha512-CdXOxIbIzPJmJhrpmJTLx+o35NoiKBIgOvmvT+jeSadYiWJn0vFKsl+0bSG/5lwjNHoIDEyMYc/GAPR9jxusTA==",
      "cpu": [
        "x64"
      ],
      "dev": true,
      "optional": true,
      "os": [
        "freebsd"
      ],
      "engines": {
        "node": ">=12"
      }
    },
    "node_modules/@esbuild/linux-arm": {
      "version": "0.19.7",
      "resolved": "https://registry.npmjs.org/@esbuild/linux-arm/-/linux-arm-0.19.7.tgz",
      "integrity": "sha512-Y+SCmWxsJOdQtjcBxoacn/pGW9HDZpwsoof0ttL+2vGcHokFlfqV666JpfLCSP2xLxFpF1lj7T3Ox3sr95YXww==",
      "cpu": [
        "arm"
      ],
      "dev": true,
      "optional": true,
      "os": [
        "linux"
      ],
      "engines": {
        "node": ">=12"
      }
    },
    "node_modules/@esbuild/linux-arm64": {
      "version": "0.19.7",
      "resolved": "https://registry.npmjs.org/@esbuild/linux-arm64/-/linux-arm64-0.19.7.tgz",
      "integrity": "sha512-inHqdOVCkUhHNvuQPT1oCB7cWz9qQ/Cz46xmVe0b7UXcuIJU3166aqSunsqkgSGMtUCWOZw3+KMwI6otINuC9g==",
      "cpu": [
        "arm64"
      ],
      "dev": true,
      "optional": true,
      "os": [
        "linux"
      ],
      "engines": {
        "node": ">=12"
      }
    },
    "node_modules/@esbuild/linux-ia32": {
      "version": "0.19.7",
      "resolved": "https://registry.npmjs.org/@esbuild/linux-ia32/-/linux-ia32-0.19.7.tgz",
      "integrity": "sha512-2BbiL7nLS5ZO96bxTQkdO0euGZIUQEUXMTrqLxKUmk/Y5pmrWU84f+CMJpM8+EHaBPfFSPnomEaQiG/+Gmh61g==",
      "cpu": [
        "ia32"
      ],
      "dev": true,
      "optional": true,
      "os": [
        "linux"
      ],
      "engines": {
        "node": ">=12"
      }
    },
    "node_modules/@esbuild/linux-loong64": {
      "version": "0.19.7",
      "resolved": "https://registry.npmjs.org/@esbuild/linux-loong64/-/linux-loong64-0.19.7.tgz",
      "integrity": "sha512-BVFQla72KXv3yyTFCQXF7MORvpTo4uTA8FVFgmwVrqbB/4DsBFWilUm1i2Oq6zN36DOZKSVUTb16jbjedhfSHw==",
      "cpu": [
        "loong64"
      ],
      "dev": true,
      "optional": true,
      "os": [
        "linux"
      ],
      "engines": {
        "node": ">=12"
      }
    },
    "node_modules/@esbuild/linux-mips64el": {
      "version": "0.19.7",
      "resolved": "https://registry.npmjs.org/@esbuild/linux-mips64el/-/linux-mips64el-0.19.7.tgz",
      "integrity": "sha512-DzAYckIaK+pS31Q/rGpvUKu7M+5/t+jI+cdleDgUwbU7KdG2eC3SUbZHlo6Q4P1CfVKZ1lUERRFP8+q0ob9i2w==",
      "cpu": [
        "mips64el"
      ],
      "dev": true,
      "optional": true,
      "os": [
        "linux"
      ],
      "engines": {
        "node": ">=12"
      }
    },
    "node_modules/@esbuild/linux-ppc64": {
      "version": "0.19.7",
      "resolved": "https://registry.npmjs.org/@esbuild/linux-ppc64/-/linux-ppc64-0.19.7.tgz",
      "integrity": "sha512-JQ1p0SmUteNdUaaiRtyS59GkkfTW0Edo+e0O2sihnY4FoZLz5glpWUQEKMSzMhA430ctkylkS7+vn8ziuhUugQ==",
      "cpu": [
        "ppc64"
      ],
      "dev": true,
      "optional": true,
      "os": [
        "linux"
      ],
      "engines": {
        "node": ">=12"
      }
    },
    "node_modules/@esbuild/linux-riscv64": {
      "version": "0.19.7",
      "resolved": "https://registry.npmjs.org/@esbuild/linux-riscv64/-/linux-riscv64-0.19.7.tgz",
      "integrity": "sha512-xGwVJ7eGhkprY/nB7L7MXysHduqjpzUl40+XoYDGC4UPLbnG+gsyS1wQPJ9lFPcxYAaDXbdRXd1ACs9AE9lxuw==",
      "cpu": [
        "riscv64"
      ],
      "dev": true,
      "optional": true,
      "os": [
        "linux"
      ],
      "engines": {
        "node": ">=12"
      }
    },
    "node_modules/@esbuild/linux-s390x": {
      "version": "0.19.7",
      "resolved": "https://registry.npmjs.org/@esbuild/linux-s390x/-/linux-s390x-0.19.7.tgz",
      "integrity": "sha512-U8Rhki5PVU0L0nvk+E8FjkV8r4Lh4hVEb9duR6Zl21eIEYEwXz8RScj4LZWA2i3V70V4UHVgiqMpszXvG0Yqhg==",
      "cpu": [
        "s390x"
      ],
      "dev": true,
      "optional": true,
      "os": [
        "linux"
      ],
      "engines": {
        "node": ">=12"
      }
    },
    "node_modules/@esbuild/linux-x64": {
      "version": "0.19.7",
      "resolved": "https://registry.npmjs.org/@esbuild/linux-x64/-/linux-x64-0.19.7.tgz",
      "integrity": "sha512-ZYZopyLhm4mcoZXjFt25itRlocKlcazDVkB4AhioiL9hOWhDldU9n38g62fhOI4Pth6vp+Mrd5rFKxD0/S+7aQ==",
      "cpu": [
        "x64"
      ],
      "dev": true,
      "optional": true,
      "os": [
        "linux"
      ],
      "engines": {
        "node": ">=12"
      }
    },
    "node_modules/@esbuild/netbsd-x64": {
      "version": "0.19.7",
      "resolved": "https://registry.npmjs.org/@esbuild/netbsd-x64/-/netbsd-x64-0.19.7.tgz",
      "integrity": "sha512-/yfjlsYmT1O3cum3J6cmGG16Fd5tqKMcg5D+sBYLaOQExheAJhqr8xOAEIuLo8JYkevmjM5zFD9rVs3VBcsjtQ==",
      "cpu": [
        "x64"
      ],
      "dev": true,
      "optional": true,
      "os": [
        "netbsd"
      ],
      "engines": {
        "node": ">=12"
      }
    },
    "node_modules/@esbuild/openbsd-x64": {
      "version": "0.19.7",
      "resolved": "https://registry.npmjs.org/@esbuild/openbsd-x64/-/openbsd-x64-0.19.7.tgz",
      "integrity": "sha512-MYDFyV0EW1cTP46IgUJ38OnEY5TaXxjoDmwiTXPjezahQgZd+j3T55Ht8/Q9YXBM0+T9HJygrSRGV5QNF/YVDQ==",
      "cpu": [
        "x64"
      ],
      "dev": true,
      "optional": true,
      "os": [
        "openbsd"
      ],
      "engines": {
        "node": ">=12"
      }
    },
    "node_modules/@esbuild/sunos-x64": {
      "version": "0.19.7",
      "resolved": "https://registry.npmjs.org/@esbuild/sunos-x64/-/sunos-x64-0.19.7.tgz",
      "integrity": "sha512-JcPvgzf2NN/y6X3UUSqP6jSS06V0DZAV/8q0PjsZyGSXsIGcG110XsdmuWiHM+pno7/mJF6fjH5/vhUz/vA9fw==",
      "cpu": [
        "x64"
      ],
      "dev": true,
      "optional": true,
      "os": [
        "sunos"
      ],
      "engines": {
        "node": ">=12"
      }
    },
    "node_modules/@esbuild/win32-arm64": {
      "version": "0.19.7",
      "resolved": "https://registry.npmjs.org/@esbuild/win32-arm64/-/win32-arm64-0.19.7.tgz",
      "integrity": "sha512-ZA0KSYti5w5toax5FpmfcAgu3ZNJxYSRm0AW/Dao5up0YV1hDVof1NvwLomjEN+3/GMtaWDI+CIyJOMTRSTdMw==",
      "cpu": [
        "arm64"
      ],
      "dev": true,
      "optional": true,
      "os": [
        "win32"
      ],
      "engines": {
        "node": ">=12"
      }
    },
    "node_modules/@esbuild/win32-ia32": {
      "version": "0.19.7",
      "resolved": "https://registry.npmjs.org/@esbuild/win32-ia32/-/win32-ia32-0.19.7.tgz",
      "integrity": "sha512-CTOnijBKc5Jpk6/W9hQMMvJnsSYRYgveN6O75DTACCY18RA2nqka8dTZR+x/JqXCRiKk84+5+bRKXUSbbwsS0A==",
      "cpu": [
        "ia32"
      ],
      "dev": true,
      "optional": true,
      "os": [
        "win32"
      ],
      "engines": {
        "node": ">=12"
      }
    },
    "node_modules/@esbuild/win32-x64": {
      "version": "0.19.7",
      "resolved": "https://registry.npmjs.org/@esbuild/win32-x64/-/win32-x64-0.19.7.tgz",
      "integrity": "sha512-gRaP2sk6hc98N734luX4VpF318l3w+ofrtTu9j5L8EQXF+FzQKV6alCOHMVoJJHvVK/mGbwBXfOL1HETQu9IGQ==",
      "cpu": [
        "x64"
      ],
      "dev": true,
      "optional": true,
      "os": [
        "win32"
      ],
      "engines": {
        "node": ">=12"
      }
    },
    "node_modules/@napi-rs/magic-string": {
      "version": "0.3.4",
      "resolved": "https://registry.npmjs.org/@napi-rs/magic-string/-/magic-string-0.3.4.tgz",
      "integrity": "sha512-DEWl/B99RQsyMT3F9bvrXuhL01/eIQp/dtNSE3G1jQ4mTGRcP4iHWxoPZ577WrbjUinrNgvRA5+08g8fkPgimQ==",
      "dev": true,
      "engines": {
        "node": ">= 10"
      },
      "optionalDependencies": {
        "@napi-rs/magic-string-android-arm-eabi": "0.3.4",
        "@napi-rs/magic-string-android-arm64": "0.3.4",
        "@napi-rs/magic-string-darwin-arm64": "0.3.4",
        "@napi-rs/magic-string-darwin-x64": "0.3.4",
        "@napi-rs/magic-string-freebsd-x64": "0.3.4",
        "@napi-rs/magic-string-linux-arm-gnueabihf": "0.3.4",
        "@napi-rs/magic-string-linux-arm64-gnu": "0.3.4",
        "@napi-rs/magic-string-linux-arm64-musl": "0.3.4",
        "@napi-rs/magic-string-linux-x64-gnu": "0.3.4",
        "@napi-rs/magic-string-linux-x64-musl": "0.3.4",
        "@napi-rs/magic-string-win32-arm64-msvc": "0.3.4",
        "@napi-rs/magic-string-win32-ia32-msvc": "0.3.4",
        "@napi-rs/magic-string-win32-x64-msvc": "0.3.4"
      }
    },
    "node_modules/@napi-rs/magic-string-android-arm-eabi": {
      "version": "0.3.4",
      "resolved": "https://registry.npmjs.org/@napi-rs/magic-string-android-arm-eabi/-/magic-string-android-arm-eabi-0.3.4.tgz",
      "integrity": "sha512-sszAYxqtzzJ4FDerDNHcqL9NhqPhj8W4DNiOanXYy50mA5oojlRtaAFPiB5ZMrWDBM32v5Q30LrmxQ4eTtu2Dg==",
      "cpu": [
        "arm"
      ],
      "dev": true,
      "optional": true,
      "os": [
        "android"
      ],
      "engines": {
        "node": ">= 10"
      }
    },
    "node_modules/@napi-rs/magic-string-android-arm64": {
      "version": "0.3.4",
      "resolved": "https://registry.npmjs.org/@napi-rs/magic-string-android-arm64/-/magic-string-android-arm64-0.3.4.tgz",
      "integrity": "sha512-jdQ6HuO0X5rkX4MauTcWR4HWdgjakTOmmzqXg8L26+jOHVVG1LZE+Su5qvV4bP8vMb2h+vPE+JsnwqSmWymu3Q==",
      "cpu": [
        "arm64"
      ],
      "dev": true,
      "optional": true,
      "os": [
        "android"
      ],
      "engines": {
        "node": ">= 10"
      }
    },
    "node_modules/@napi-rs/magic-string-darwin-arm64": {
      "version": "0.3.4",
      "resolved": "https://registry.npmjs.org/@napi-rs/magic-string-darwin-arm64/-/magic-string-darwin-arm64-0.3.4.tgz",
      "integrity": "sha512-6NmMtvURce9/oq09XBZmuIeI6lPLGtEJ2ZPO/QzL3nLZa6wygiCnO/sFACKYNg5/73ET5HMMTeuogE1JI+r2Lw==",
      "cpu": [
        "arm64"
      ],
      "dev": true,
      "optional": true,
      "os": [
        "darwin"
      ],
      "engines": {
        "node": ">= 10"
      }
    },
    "node_modules/@napi-rs/magic-string-darwin-x64": {
      "version": "0.3.4",
      "resolved": "https://registry.npmjs.org/@napi-rs/magic-string-darwin-x64/-/magic-string-darwin-x64-0.3.4.tgz",
      "integrity": "sha512-f9LmfMiUAKDOtl0meOuLYeVb6OERrgGzrTg1Tn3R3fTAShM2kxRbfAuPE9ljuXxIFzOv/uqRNLSl/LqCJwpREA==",
      "cpu": [
        "x64"
      ],
      "dev": true,
      "optional": true,
      "os": [
        "darwin"
      ],
      "engines": {
        "node": ">= 10"
      }
    },
    "node_modules/@napi-rs/magic-string-freebsd-x64": {
      "version": "0.3.4",
      "resolved": "https://registry.npmjs.org/@napi-rs/magic-string-freebsd-x64/-/magic-string-freebsd-x64-0.3.4.tgz",
      "integrity": "sha512-rqduQ4odiDK4QdM45xHWRTU4wtFIfpp8g8QGpz+3qqg7ivldDqbbNOrBaf6Oeu77uuEvWggnkyuChotfKgJdJQ==",
      "cpu": [
        "x64"
      ],
      "dev": true,
      "optional": true,
      "os": [
        "freebsd"
      ],
      "engines": {
        "node": ">= 10"
      }
    },
    "node_modules/@napi-rs/magic-string-linux-arm-gnueabihf": {
      "version": "0.3.4",
      "resolved": "https://registry.npmjs.org/@napi-rs/magic-string-linux-arm-gnueabihf/-/magic-string-linux-arm-gnueabihf-0.3.4.tgz",
      "integrity": "sha512-pVaJEdEpiPqIfq3M4+yMAATS7Z9muDcWYn8H7GFH1ygh8GwgLgKfy/n/lG2M6zp18Mwd0x7E2E/qg9GgCyUzoQ==",
      "cpu": [
        "arm"
      ],
      "dev": true,
      "optional": true,
      "os": [
        "linux"
      ],
      "engines": {
        "node": ">= 10"
      }
    },
    "node_modules/@napi-rs/magic-string-linux-arm64-gnu": {
      "version": "0.3.4",
      "resolved": "https://registry.npmjs.org/@napi-rs/magic-string-linux-arm64-gnu/-/magic-string-linux-arm64-gnu-0.3.4.tgz",
      "integrity": "sha512-9FwoAih/0tzEZx0BjYYIxWkSRMjonIn91RFM3q3MBs/evmThXUYXUqLNa1PPIkK1JoksswtDi48qWWLt8nGflQ==",
      "cpu": [
        "arm64"
      ],
      "dev": true,
      "optional": true,
      "os": [
        "linux"
      ],
      "engines": {
        "node": ">= 10"
      }
    },
    "node_modules/@napi-rs/magic-string-linux-arm64-musl": {
      "version": "0.3.4",
      "resolved": "https://registry.npmjs.org/@napi-rs/magic-string-linux-arm64-musl/-/magic-string-linux-arm64-musl-0.3.4.tgz",
      "integrity": "sha512-wCR7R+WPOcAKmVQc1s6h6HwfwW1vL9pM8BjUY9Ljkdb8wt1LmZEmV2Sgfc1SfbRQzbyl+pKeufP6adRRQVzYDA==",
      "cpu": [
        "arm64"
      ],
      "dev": true,
      "optional": true,
      "os": [
        "linux"
      ],
      "engines": {
        "node": ">= 10"
      }
    },
    "node_modules/@napi-rs/magic-string-linux-x64-gnu": {
      "version": "0.3.4",
      "resolved": "https://registry.npmjs.org/@napi-rs/magic-string-linux-x64-gnu/-/magic-string-linux-x64-gnu-0.3.4.tgz",
      "integrity": "sha512-sbxFDpYnt5WFbxQ1xozwOvh5A7IftqSI0WnE9O7KsQIOi0ej2dvFbfOW4tmFkvH/YP8KJELo5AhP2+kEq1DpYA==",
      "cpu": [
        "x64"
      ],
      "dev": true,
      "optional": true,
      "os": [
        "linux"
      ],
      "engines": {
        "node": ">= 10"
      }
    },
    "node_modules/@napi-rs/magic-string-linux-x64-musl": {
      "version": "0.3.4",
      "resolved": "https://registry.npmjs.org/@napi-rs/magic-string-linux-x64-musl/-/magic-string-linux-x64-musl-0.3.4.tgz",
      "integrity": "sha512-jN4h/7e2Ul8v3UK5IZu38NXLMdzVWhY4uEDlnwuUAhwRh26wBQ1/pLD97Uy/Z3dFNBQPcsv60XS9fOM1YDNT6w==",
      "cpu": [
        "x64"
      ],
      "dev": true,
      "optional": true,
      "os": [
        "linux"
      ],
      "engines": {
        "node": ">= 10"
      }
    },
    "node_modules/@napi-rs/magic-string-win32-arm64-msvc": {
      "version": "0.3.4",
      "resolved": "https://registry.npmjs.org/@napi-rs/magic-string-win32-arm64-msvc/-/magic-string-win32-arm64-msvc-0.3.4.tgz",
      "integrity": "sha512-gMUyTRHLWpzX2ntJFCbW2Gnla9Y/WUmbkZuW5SBAo/Jo8QojHn76Y4PNgnoXdzcsV9b/45RBxurYKAfFg9WTyg==",
      "cpu": [
        "arm64"
      ],
      "dev": true,
      "optional": true,
      "os": [
        "win32"
      ],
      "engines": {
        "node": ">= 10"
      }
    },
    "node_modules/@napi-rs/magic-string-win32-ia32-msvc": {
      "version": "0.3.4",
      "resolved": "https://registry.npmjs.org/@napi-rs/magic-string-win32-ia32-msvc/-/magic-string-win32-ia32-msvc-0.3.4.tgz",
      "integrity": "sha512-QIMauMOvEHgL00K9np/c9CT/CRtLOz3mRTQqcZ9XGzSoAMrpxH71KSpDJrKl7h7Ro6TZ+hJ0C3T+JVuTCZNv4A==",
      "cpu": [
        "ia32"
      ],
      "dev": true,
      "optional": true,
      "os": [
        "win32"
      ],
      "engines": {
        "node": ">= 10"
      }
    },
    "node_modules/@napi-rs/magic-string-win32-x64-msvc": {
      "version": "0.3.4",
      "resolved": "https://registry.npmjs.org/@napi-rs/magic-string-win32-x64-msvc/-/magic-string-win32-x64-msvc-0.3.4.tgz",
      "integrity": "sha512-V8FMSf828MzOI3P6/765MR7zHU6CUZqiyPhmAnwYoKFNxfv7oCviN/G6NcENeCdcYOvNgh5fYzaNLB96ndId5A==",
      "cpu": [
        "x64"
      ],
      "dev": true,
      "optional": true,
      "os": [
        "win32"
      ],
      "engines": {
        "node": ">= 10"
      }
    },
    "node_modules/@nodelib/fs.scandir": {
      "version": "2.1.5",
      "resolved": "https://registry.npmjs.org/@nodelib/fs.scandir/-/fs.scandir-2.1.5.tgz",
      "integrity": "sha512-vq24Bq3ym5HEQm2NKCr3yXDwjc7vTsEThRDnkp2DK9p1uqLR+DHurm/NOTo0KG7HYHU7eppKZj3MyqYuMBf62g==",
      "dev": true,
      "dependencies": {
        "@nodelib/fs.stat": "2.0.5",
        "run-parallel": "^1.1.9"
      },
      "engines": {
        "node": ">= 8"
      }
    },
    "node_modules/@nodelib/fs.stat": {
      "version": "2.0.5",
      "resolved": "https://registry.npmjs.org/@nodelib/fs.stat/-/fs.stat-2.0.5.tgz",
      "integrity": "sha512-RkhPPp2zrqDAQA/2jNhnztcPAlv64XdhIp7a7454A5ovI7Bukxgt7MX7udwAu3zg1DcpPU0rz3VV1SeaqvY4+A==",
      "dev": true,
      "engines": {
        "node": ">= 8"
      }
    },
    "node_modules/@nodelib/fs.walk": {
      "version": "1.2.8",
      "resolved": "https://registry.npmjs.org/@nodelib/fs.walk/-/fs.walk-1.2.8.tgz",
      "integrity": "sha512-oGB+UxlgWcgQkgwo8GcEGwemoTFt3FIO9ababBmaGwXIoBKZ+GTy0pP185beGg7Llih/NSHSV2XAs1lnznocSg==",
      "dev": true,
      "dependencies": {
        "@nodelib/fs.scandir": "2.1.5",
        "fastq": "^1.6.0"
      },
      "engines": {
        "node": ">= 8"
      }
    },
    "node_modules/@rollup/rollup-android-arm-eabi": {
      "version": "4.5.0",
      "resolved": "https://registry.npmjs.org/@rollup/rollup-android-arm-eabi/-/rollup-android-arm-eabi-4.5.0.tgz",
      "integrity": "sha512-OINaBGY+Wc++U0rdr7BLuFClxcoWaVW3vQYqmQq6B3bqQ/2olkaoz+K8+af/Mmka/C2yN5j+L9scBkv4BtKsDA==",
      "cpu": [
        "arm"
      ],
      "dev": true,
      "optional": true,
      "os": [
        "android"
      ]
    },
    "node_modules/@rollup/rollup-android-arm64": {
      "version": "4.5.0",
      "resolved": "https://registry.npmjs.org/@rollup/rollup-android-arm64/-/rollup-android-arm64-4.5.0.tgz",
      "integrity": "sha512-UdMf1pOQc4ZmUA/NTmKhgJTBimbSKnhPS2zJqucqFyBRFPnPDtwA8MzrGNTjDeQbIAWfpJVAlxejw+/lQyBK/w==",
      "cpu": [
        "arm64"
      ],
      "dev": true,
      "optional": true,
      "os": [
        "android"
      ]
    },
    "node_modules/@rollup/rollup-darwin-arm64": {
      "version": "4.5.0",
      "resolved": "https://registry.npmjs.org/@rollup/rollup-darwin-arm64/-/rollup-darwin-arm64-4.5.0.tgz",
      "integrity": "sha512-L0/CA5p/idVKI+c9PcAPGorH6CwXn6+J0Ys7Gg1axCbTPgI8MeMlhA6fLM9fK+ssFhqogMHFC8HDvZuetOii7w==",
      "cpu": [
        "arm64"
      ],
      "dev": true,
      "optional": true,
      "os": [
        "darwin"
      ]
    },
    "node_modules/@rollup/rollup-darwin-x64": {
      "version": "4.5.0",
      "resolved": "https://registry.npmjs.org/@rollup/rollup-darwin-x64/-/rollup-darwin-x64-4.5.0.tgz",
      "integrity": "sha512-QZCbVqU26mNlLn8zi/XDDquNmvcr4ON5FYAHQQsyhrHx8q+sQi/6xduoznYXwk/KmKIXG5dLfR0CvY+NAWpFYQ==",
      "cpu": [
        "x64"
      ],
      "dev": true,
      "optional": true,
      "os": [
        "darwin"
      ]
    },
    "node_modules/@rollup/rollup-linux-arm-gnueabihf": {
      "version": "4.5.0",
      "resolved": "https://registry.npmjs.org/@rollup/rollup-linux-arm-gnueabihf/-/rollup-linux-arm-gnueabihf-4.5.0.tgz",
      "integrity": "sha512-VpSQ+xm93AeV33QbYslgf44wc5eJGYfYitlQzAi3OObu9iwrGXEnmu5S3ilkqE3Pr/FkgOiJKV/2p0ewf4Hrtg==",
      "cpu": [
        "arm"
      ],
      "dev": true,
      "optional": true,
      "os": [
        "linux"
      ]
    },
    "node_modules/@rollup/rollup-linux-arm64-gnu": {
      "version": "4.5.0",
      "resolved": "https://registry.npmjs.org/@rollup/rollup-linux-arm64-gnu/-/rollup-linux-arm64-gnu-4.5.0.tgz",
      "integrity": "sha512-OrEyIfpxSsMal44JpEVx9AEcGpdBQG1ZuWISAanaQTSMeStBW+oHWwOkoqR54bw3x8heP8gBOyoJiGg+fLY8qQ==",
      "cpu": [
        "arm64"
      ],
      "dev": true,
      "optional": true,
      "os": [
        "linux"
      ]
    },
    "node_modules/@rollup/rollup-linux-arm64-musl": {
      "version": "4.5.0",
      "resolved": "https://registry.npmjs.org/@rollup/rollup-linux-arm64-musl/-/rollup-linux-arm64-musl-4.5.0.tgz",
      "integrity": "sha512-1H7wBbQuE6igQdxMSTjtFfD+DGAudcYWhp106z/9zBA8OQhsJRnemO4XGavdzHpGhRtRxbgmUGdO3YQgrWf2RA==",
      "cpu": [
        "arm64"
      ],
      "dev": true,
      "optional": true,
      "os": [
        "linux"
      ]
    },
    "node_modules/@rollup/rollup-linux-x64-gnu": {
      "version": "4.5.0",
      "resolved": "https://registry.npmjs.org/@rollup/rollup-linux-x64-gnu/-/rollup-linux-x64-gnu-4.5.0.tgz",
      "integrity": "sha512-FVyFI13tXw5aE65sZdBpNjPVIi4Q5mARnL/39UIkxvSgRAIqCo5sCpCELk0JtXHGee2owZz5aNLbWNfBHzr71Q==",
      "cpu": [
        "x64"
      ],
      "dev": true,
      "optional": true,
      "os": [
        "linux"
      ]
    },
    "node_modules/@rollup/rollup-linux-x64-musl": {
      "version": "4.5.0",
      "resolved": "https://registry.npmjs.org/@rollup/rollup-linux-x64-musl/-/rollup-linux-x64-musl-4.5.0.tgz",
      "integrity": "sha512-eBPYl2sLpH/o8qbSz6vPwWlDyThnQjJfcDOGFbNjmjb44XKC1F5dQfakOsADRVrXCNzM6ZsSIPDG5dc6HHLNFg==",
      "cpu": [
        "x64"
      ],
      "dev": true,
      "optional": true,
      "os": [
        "linux"
      ]
    },
    "node_modules/@rollup/rollup-win32-arm64-msvc": {
      "version": "4.5.0",
      "resolved": "https://registry.npmjs.org/@rollup/rollup-win32-arm64-msvc/-/rollup-win32-arm64-msvc-4.5.0.tgz",
      "integrity": "sha512-xaOHIfLOZypoQ5U2I6rEaugS4IYtTgP030xzvrBf5js7p9WI9wik07iHmsKaej8Z83ZDxN5GyypfoyKV5O5TJA==",
      "cpu": [
        "arm64"
      ],
      "dev": true,
      "optional": true,
      "os": [
        "win32"
      ]
    },
    "node_modules/@rollup/rollup-win32-ia32-msvc": {
      "version": "4.5.0",
      "resolved": "https://registry.npmjs.org/@rollup/rollup-win32-ia32-msvc/-/rollup-win32-ia32-msvc-4.5.0.tgz",
      "integrity": "sha512-Al6quztQUrHwcOoU2TuFblUQ5L+/AmPBXFR6dUvyo4nRj2yQRK0WIUaGMF/uwKulvRcXkpHe3k9A8Vf93VDktA==",
      "cpu": [
        "ia32"
      ],
      "dev": true,
      "optional": true,
      "os": [
        "win32"
      ]
    },
    "node_modules/@rollup/rollup-win32-x64-msvc": {
      "version": "4.5.0",
      "resolved": "https://registry.npmjs.org/@rollup/rollup-win32-x64-msvc/-/rollup-win32-x64-msvc-4.5.0.tgz",
      "integrity": "sha512-8kdW+brNhI/NzJ4fxDufuJUjepzINqJKLGHuxyAtpPG9bMbn8P5mtaCcbOm0EzLJ+atg+kF9dwg8jpclkVqx5w==",
      "cpu": [
        "x64"
      ],
      "dev": true,
      "optional": true,
      "os": [
        "win32"
      ]
    },
    "node_modules/@types/node": {
      "version": "20.9.4",
      "resolved": "https://registry.npmjs.org/@types/node/-/node-20.9.4.tgz",
      "integrity": "sha512-wmyg8HUhcn6ACjsn8oKYjkN/zUzQeNtMy44weTJSM6p4MMzEOuKbA3OjJ267uPCOW7Xex9dyrNTful8XTQYoDA==",
      "dev": true,
      "dependencies": {
        "undici-types": "~5.26.4"
      }
    },
    "node_modules/balanced-match": {
      "version": "1.0.2",
      "resolved": "https://registry.npmjs.org/balanced-match/-/balanced-match-1.0.2.tgz",
      "integrity": "sha512-3oSeUO0TMV67hN1AmbXsK4yaqU7tjiHlbxRDZOpH0KW9+CeX4bRAaX0Anxt0tx2MrpRpWwQaPwIlISEJhYU5Pw==",
      "dev": true
    },
    "node_modules/brace-expansion": {
      "version": "2.0.1",
      "resolved": "https://registry.npmjs.org/brace-expansion/-/brace-expansion-2.0.1.tgz",
      "integrity": "sha512-XnAIvQ8eM+kC6aULx6wuQiwVsnzsi9d3WxzV3FpWTGA19F621kwdbsAcFKXgKUHZWsy+mY6iL1sHTxWEFCytDA==",
      "dev": true,
      "dependencies": {
        "balanced-match": "^1.0.0"
      }
    },
    "node_modules/braces": {
      "version": "3.0.2",
      "resolved": "https://registry.npmjs.org/braces/-/braces-3.0.2.tgz",
      "integrity": "sha512-b8um+L1RzM3WDSzvhm6gIz1yfTbBt6YTlcEKAvsmqCZZFw46z626lVj9j1yEPW33H5H+lBQpZMP1k8l+78Ha0A==",
      "dev": true,
      "dependencies": {
        "fill-range": "^7.0.1"
      },
      "engines": {
        "node": ">=8"
      }
    },
    "node_modules/esbuild": {
      "version": "0.19.7",
      "resolved": "https://registry.npmjs.org/esbuild/-/esbuild-0.19.7.tgz",
      "integrity": "sha512-6brbTZVqxhqgbpqBR5MzErImcpA0SQdoKOkcWK/U30HtQxnokIpG3TX2r0IJqbFUzqLjhU/zC1S5ndgakObVCQ==",
      "dev": true,
      "hasInstallScript": true,
      "bin": {
        "esbuild": "bin/esbuild"
      },
      "engines": {
        "node": ">=12"
      },
      "optionalDependencies": {
        "@esbuild/android-arm": "0.19.7",
        "@esbuild/android-arm64": "0.19.7",
        "@esbuild/android-x64": "0.19.7",
        "@esbuild/darwin-arm64": "0.19.7",
        "@esbuild/darwin-x64": "0.19.7",
        "@esbuild/freebsd-arm64": "0.19.7",
        "@esbuild/freebsd-x64": "0.19.7",
        "@esbuild/linux-arm": "0.19.7",
        "@esbuild/linux-arm64": "0.19.7",
        "@esbuild/linux-ia32": "0.19.7",
        "@esbuild/linux-loong64": "0.19.7",
        "@esbuild/linux-mips64el": "0.19.7",
        "@esbuild/linux-ppc64": "0.19.7",
        "@esbuild/linux-riscv64": "0.19.7",
        "@esbuild/linux-s390x": "0.19.7",
        "@esbuild/linux-x64": "0.19.7",
        "@esbuild/netbsd-x64": "0.19.7",
        "@esbuild/openbsd-x64": "0.19.7",
        "@esbuild/sunos-x64": "0.19.7",
        "@esbuild/win32-arm64": "0.19.7",
        "@esbuild/win32-ia32": "0.19.7",
        "@esbuild/win32-x64": "0.19.7"
      }
    },
    "node_modules/fast-glob": {
      "version": "3.3.2",
      "resolved": "https://registry.npmjs.org/fast-glob/-/fast-glob-3.3.2.tgz",
      "integrity": "sha512-oX2ruAFQwf/Orj8m737Y5adxDQO0LAB7/S5MnxCdTNDd4p6BsyIVsv9JQsATbTSq8KHRpLwIHbVlUNatxd+1Ow==",
      "dev": true,
      "dependencies": {
        "@nodelib/fs.stat": "^2.0.2",
        "@nodelib/fs.walk": "^1.2.3",
        "glob-parent": "^5.1.2",
        "merge2": "^1.3.0",
        "micromatch": "^4.0.4"
      },
      "engines": {
        "node": ">=8.6.0"
      }
    },
    "node_modules/fastq": {
      "version": "1.15.0",
      "resolved": "https://registry.npmjs.org/fastq/-/fastq-1.15.0.tgz",
      "integrity": "sha512-wBrocU2LCXXa+lWBt8RoIRD89Fi8OdABODa/kEnyeyjS5aZO5/GNvI5sEINADqP/h8M29UHTHUb53sUu5Ihqdw==",
      "dev": true,
      "dependencies": {
        "reusify": "^1.0.4"
      }
    },
    "node_modules/fill-range": {
      "version": "7.0.1",
      "resolved": "https://registry.npmjs.org/fill-range/-/fill-range-7.0.1.tgz",
      "integrity": "sha512-qOo9F+dMUmC2Lcb4BbVvnKJxTPjCm+RRpe4gDuGrzkL7mEVl/djYSu2OdQ2Pa302N4oqkSg9ir6jaLWJ2USVpQ==",
      "dev": true,
      "dependencies": {
        "to-regex-range": "^5.0.1"
      },
      "engines": {
        "node": ">=8"
      }
    },
    "node_modules/fsevents": {
      "version": "2.3.3",
      "resolved": "https://registry.npmjs.org/fsevents/-/fsevents-2.3.3.tgz",
      "integrity": "sha512-5xoDfX+fL7faATnagmWPpbFtwh/R77WmMMqqHGS65C3vvB0YHrgF+B1YmZ3441tMj5n63k0212XNoJwzlhffQw==",
      "dev": true,
      "hasInstallScript": true,
      "optional": true,
      "os": [
        "darwin"
      ],
      "engines": {
        "node": "^8.16.0 || ^10.6.0 || >=11.0.0"
      }
    },
    "node_modules/glob-parent": {
      "version": "5.1.2",
      "resolved": "https://registry.npmjs.org/glob-parent/-/glob-parent-5.1.2.tgz",
      "integrity": "sha512-AOIgSQCepiJYwP3ARnGx+5VnTu2HBYdzbGP45eLw1vr3zB3vZLeyed1sC9hnbcOc9/SrMyM5RPQrkGz4aS9Zow==",
      "dev": true,
      "dependencies": {
        "is-glob": "^4.0.1"
      },
      "engines": {
        "node": ">= 6"
      }
    },
    "node_modules/is-extglob": {
      "version": "2.1.1",
      "resolved": "https://registry.npmjs.org/is-extglob/-/is-extglob-2.1.1.tgz",
      "integrity": "sha512-SbKbANkN603Vi4jEZv49LeVJMn4yGwsbzZworEoyEiutsN3nJYdbO36zfhGJ6QEDpOZIFkDtnq5JRxmvl3jsoQ==",
      "dev": true,
      "engines": {
        "node": ">=0.10.0"
      }
    },
    "node_modules/is-glob": {
      "version": "4.0.3",
      "resolved": "https://registry.npmjs.org/is-glob/-/is-glob-4.0.3.tgz",
      "integrity": "sha512-xelSayHH36ZgE7ZWhli7pW34hNbNl8Ojv5KVmkJD4hBdD3th8Tfk9vYasLM+mXWOZhFkgZfxhLSnrwRr4elSSg==",
      "dev": true,
      "dependencies": {
        "is-extglob": "^2.1.1"
      },
      "engines": {
        "node": ">=0.10.0"
      }
    },
    "node_modules/is-number": {
      "version": "7.0.0",
      "resolved": "https://registry.npmjs.org/is-number/-/is-number-7.0.0.tgz",
      "integrity": "sha512-41Cifkg6e8TylSpdtTpeLVMqvSBEVzTttHvERD741+pnZ8ANv0004MRL43QKPDlK9cGvNp6NZWZUBlbGXYxxng==",
      "dev": true,
      "engines": {
        "node": ">=0.12.0"
      }
    },
    "node_modules/merge2": {
      "version": "1.4.1",
      "resolved": "https://registry.npmjs.org/merge2/-/merge2-1.4.1.tgz",
      "integrity": "sha512-8q7VEgMJW4J8tcfVPy8g09NcQwZdbwFEqhe/WZkoIzjn/3TGDwtOCYtXGxA3O8tPzpczCCDgv+P2P5y00ZJOOg==",
      "dev": true,
      "engines": {
        "node": ">= 8"
      }
    },
    "node_modules/micromatch": {
      "version": "4.0.5",
      "resolved": "https://registry.npmjs.org/micromatch/-/micromatch-4.0.5.tgz",
      "integrity": "sha512-DMy+ERcEW2q8Z2Po+WNXuw3c5YaUSFjAO5GsJqfEl7UjvtIuFKO6ZrKvcItdy98dwFI2N1tg3zNIdKaQT+aNdA==",
      "dev": true,
      "dependencies": {
        "braces": "^3.0.2",
        "picomatch": "^2.3.1"
      },
      "engines": {
        "node": ">=8.6"
      }
    },
    "node_modules/minimatch": {
      "version": "6.2.0",
      "resolved": "https://registry.npmjs.org/minimatch/-/minimatch-6.2.0.tgz",
      "integrity": "sha512-sauLxniAmvnhhRjFwPNnJKaPFYyddAgbYdeUpHULtCT/GhzdCx/MDNy+Y40lBxTQUrMzDE8e0S43Z5uqfO0REg==",
      "dev": true,
      "dependencies": {
        "brace-expansion": "^2.0.1"
      },
      "engines": {
        "node": ">=10"
      },
      "funding": {
        "url": "https://github.com/sponsors/isaacs"
      }
    },
    "node_modules/nanoid": {
      "version": "3.3.7",
      "resolved": "https://registry.npmjs.org/nanoid/-/nanoid-3.3.7.tgz",
      "integrity": "sha512-eSRppjcPIatRIMC1U6UngP8XFcz8MQWGQdt1MTBQ7NaAmvXDfvNxbvWV3x2y6CdEUciCSsDHDQZbhYaB8QEo2g==",
      "dev": true,
      "funding": [
        {
          "type": "github",
          "url": "https://github.com/sponsors/ai"
        }
      ],
      "bin": {
        "nanoid": "bin/nanoid.cjs"
      },
      "engines": {
        "node": "^10 || ^12 || ^13.7 || ^14 || >=15.0.1"
      }
    },
    "node_modules/picocolors": {
      "version": "1.0.0",
      "resolved": "https://registry.npmjs.org/picocolors/-/picocolors-1.0.0.tgz",
      "integrity": "sha512-1fygroTLlHu66zi26VoTDv8yRgm0Fccecssto+MhsZ0D/DGW2sm8E8AjW7NU5VVTRt5GxbeZ5qBuJr+HyLYkjQ==",
      "dev": true
    },
    "node_modules/picomatch": {
      "version": "2.3.1",
      "resolved": "https://registry.npmjs.org/picomatch/-/picomatch-2.3.1.tgz",
      "integrity": "sha512-JU3teHTNjmE2VCGFzuY8EXzCDVwEqB2a8fsIvwaStHhAWJEeVd1o1QD80CU6+ZdEXXSLbSsuLwJjkCBWqRQUVA==",
      "dev": true,
      "engines": {
        "node": ">=8.6"
      },
      "funding": {
        "url": "https://github.com/sponsors/jonschlinkert"
      }
    },
    "node_modules/postcss": {
      "version": "8.4.31",
      "resolved": "https://registry.npmjs.org/postcss/-/postcss-8.4.31.tgz",
      "integrity": "sha512-PS08Iboia9mts/2ygV3eLpY5ghnUcfLV/EXTOW1E2qYxJKGGBUtNjN76FYHnMs36RmARn41bC0AZmn+rR0OVpQ==",
      "dev": true,
      "funding": [
        {
          "type": "opencollective",
          "url": "https://opencollective.com/postcss/"
        },
        {
          "type": "tidelift",
          "url": "https://tidelift.com/funding/github/npm/postcss"
        },
        {
          "type": "github",
          "url": "https://github.com/sponsors/ai"
        }
      ],
      "dependencies": {
        "nanoid": "^3.3.6",
        "picocolors": "^1.0.0",
        "source-map-js": "^1.0.2"
      },
      "engines": {
        "node": "^10 || ^12 || >=14"
      }
    },
    "node_modules/queue-microtask": {
      "version": "1.2.3",
      "resolved": "https://registry.npmjs.org/queue-microtask/-/queue-microtask-1.2.3.tgz",
      "integrity": "sha512-NuaNSa6flKT5JaSYQzJok04JzTL1CA6aGhv5rfLW3PgqA+M2ChpZQnAC8h8i4ZFkBS8X5RqkDBHA7r4hej3K9A==",
      "dev": true,
      "funding": [
        {
          "type": "github",
          "url": "https://github.com/sponsors/feross"
        },
        {
          "type": "patreon",
          "url": "https://www.patreon.com/feross"
        },
        {
          "type": "consulting",
          "url": "https://feross.org/support"
        }
      ]
    },
    "node_modules/reusify": {
      "version": "1.0.4",
      "resolved": "https://registry.npmjs.org/reusify/-/reusify-1.0.4.tgz",
      "integrity": "sha512-U9nH88a3fc/ekCF1l0/UP1IosiuIjyTh7hBvXVMHYgVcfGvt897Xguj2UOLDeI5BG2m7/uwyaLVT6fbtCwTyzw==",
      "dev": true,
      "engines": {
        "iojs": ">=1.0.0",
        "node": ">=0.10.0"
      }
    },
    "node_modules/rollup": {
      "version": "4.5.0",
      "resolved": "https://registry.npmjs.org/rollup/-/rollup-4.5.0.tgz",
      "integrity": "sha512-41xsWhzxqjMDASCxH5ibw1mXk+3c4TNI2UjKbLxe6iEzrSQnqOzmmK8/3mufCPbzHNJ2e04Fc1ddI35hHy+8zg==",
      "dev": true,
      "bin": {
        "rollup": "dist/bin/rollup"
      },
      "engines": {
        "node": ">=18.0.0",
        "npm": ">=8.0.0"
      },
      "optionalDependencies": {
        "@rollup/rollup-android-arm-eabi": "4.5.0",
        "@rollup/rollup-android-arm64": "4.5.0",
        "@rollup/rollup-darwin-arm64": "4.5.0",
        "@rollup/rollup-darwin-x64": "4.5.0",
        "@rollup/rollup-linux-arm-gnueabihf": "4.5.0",
        "@rollup/rollup-linux-arm64-gnu": "4.5.0",
        "@rollup/rollup-linux-arm64-musl": "4.5.0",
        "@rollup/rollup-linux-x64-gnu": "4.5.0",
        "@rollup/rollup-linux-x64-musl": "4.5.0",
        "@rollup/rollup-win32-arm64-msvc": "4.5.0",
        "@rollup/rollup-win32-ia32-msvc": "4.5.0",
        "@rollup/rollup-win32-x64-msvc": "4.5.0",
        "fsevents": "~2.3.2"
      }
    },
    "node_modules/run-parallel": {
      "version": "1.2.0",
      "resolved": "https://registry.npmjs.org/run-parallel/-/run-parallel-1.2.0.tgz",
      "integrity": "sha512-5l4VyZR86LZ/lDxZTR6jqL8AFE2S0IFLMP26AbjsLVADxHdhB/c0GUsH+y39UfCi3dzz8OlQuPmnaJOMoDHQBA==",
      "dev": true,
      "funding": [
        {
          "type": "github",
          "url": "https://github.com/sponsors/feross"
        },
        {
          "type": "patreon",
          "url": "https://www.patreon.com/feross"
        },
        {
          "type": "consulting",
          "url": "https://feross.org/support"
        }
      ],
      "dependencies": {
        "queue-microtask": "^1.2.2"
      }
    },
    "node_modules/source-map-js": {
      "version": "1.0.2",
      "resolved": "https://registry.npmjs.org/source-map-js/-/source-map-js-1.0.2.tgz",
      "integrity": "sha512-R0XvVJ9WusLiqTCEiGCmICCMplcCkIwwR11mOSD9CR5u+IXYdiseeEuXCVAjS54zqwkLcPNnmU4OeJ6tUrWhDw==",
      "dev": true,
      "engines": {
        "node": ">=0.10.0"
      }
    },
    "node_modules/to-regex-range": {
      "version": "5.0.1",
      "resolved": "https://registry.npmjs.org/to-regex-range/-/to-regex-range-5.0.1.tgz",
      "integrity": "sha512-65P7iz6X5yEr1cwcgvQxbbIw7Uk3gOy5dIdtZ4rDveLqhrdJP+Li/Hx6tyK0NEb+2GCyneCMJiGqrADCSNk8sQ==",
      "dev": true,
      "dependencies": {
        "is-number": "^7.0.0"
      },
      "engines": {
        "node": ">=8.0"
      }
    },
    "node_modules/typescript": {
      "version": "5.3.2",
      "resolved": "https://registry.npmjs.org/typescript/-/typescript-5.3.2.tgz",
      "integrity": "sha512-6l+RyNy7oAHDfxC4FzSJcz9vnjTKxrLpDG5M2Vu4SHRVNg6xzqZp6LYSR9zjqQTu8DU/f5xwxUdADOkbrIX2gQ==",
      "dev": true,
      "bin": {
        "tsc": "bin/tsc",
        "tsserver": "bin/tsserver"
      },
      "engines": {
        "node": ">=14.17"
      }
    },
    "node_modules/undici-types": {
      "version": "5.26.5",
      "resolved": "https://registry.npmjs.org/undici-types/-/undici-types-5.26.5.tgz",
      "integrity": "sha512-JlCMO+ehdEIKqlFxk6IfVoAUVmgz7cU7zD/h9XZ0qzeosSHmUJVOzSQvvYSYWXkFXC+IfLKSIffhv0sVZup6pA==",
      "dev": true
    },
    "node_modules/vite": {
      "version": "5.0.1",
      "resolved": "https://registry.npmjs.org/vite/-/vite-5.0.1.tgz",
      "integrity": "sha512-T2plNaDK+olJPoxwmpGxKcI+BScI2OAulAtRUAljTrb6QxSqJShWMUT+7ilXcBHTMAzbYHfWROuC1J/g2oRhEw==",
      "dev": true,
      "dependencies": {
        "esbuild": "^0.19.3",
        "postcss": "^8.4.31",
        "rollup": "^4.2.0"
      },
      "bin": {
        "vite": "bin/vite.js"
      },
      "engines": {
        "node": "^18.0.0 || >=20.0.0"
      },
      "funding": {
        "url": "https://github.com/vitejs/vite?sponsor=1"
      },
      "optionalDependencies": {
        "fsevents": "~2.3.3"
      },
      "peerDependencies": {
        "@types/node": "^18.0.0 || >=20.0.0",
        "less": "*",
        "lightningcss": "^1.21.0",
        "sass": "*",
        "stylus": "*",
        "sugarss": "*",
        "terser": "^5.4.0"
      },
      "peerDependenciesMeta": {
        "@types/node": {
          "optional": true
        },
        "less": {
          "optional": true
        },
        "lightningcss": {
          "optional": true
        },
        "sass": {
          "optional": true
        },
        "stylus": {
          "optional": true
        },
        "sugarss": {
          "optional": true
        },
        "terser": {
          "optional": true
        }
      }
    },
    "node_modules/vite-plugin-plain-text": {
      "version": "1.4.2",
      "resolved": "https://registry.npmjs.org/vite-plugin-plain-text/-/vite-plugin-plain-text-1.4.2.tgz",
      "integrity": "sha512-nkCWW16lkTidaGZ9kItwMZ5OEkUeXMrY4Okc9IQXrN/p6SAuDYmEiGqMRKl1rnhm6CR1h98uJtn+ODkv0cL7DA==",
      "dev": true,
      "dependencies": {
        "@napi-rs/magic-string": "^0.3.4",
        "fast-glob": "^3.2.12",
        "minimatch": "^6.1.6"
      }
    }
  }
}
