lockfileVersion: '9.0'

settings:
  autoInstallPeers: true
  excludeLinksFromLockfile: false

importers:

  .:
    devDependencies:
      '@libs/shared':
        specifier: workspace:*
        version: link:libs/shared
      '@types/node':
        specifier: ^22.11.0
        version: 22.16.3
      prettier:
        specifier: ^3.1.0
        version: 3.1.0
      typescript:
        specifier: ^5.8.3
        version: 5.8.3
      vite:
        specifier: ^5.0.5
        version: 5.0.5(@types/node@22.16.3)
      vite-plugin-plain-text:
        specifier: ^1.4.2
        version: 1.4.2
      vitest:
        specifier: ^0.34.6
        version: 0.34.6

  apps/web:
    dependencies:
      '@libs/color-picker':
        specifier: workspace:*
        version: link:../../libs/color-picker
      '@libs/drawing-engine':
        specifier: workspace:*
        version: link:../../libs/drawing-engine
      '@libs/jsx-factory':
        specifier: workspace:*
        version: link:../../libs/jsx-factory

  libs/color-picker:
    dependencies:
      '@libs/shared':
        specifier: workspace:*
        version: link:../shared

  libs/drawing-engine:
    dependencies:
      '@libs/shared':
        specifier: workspace:*
        version: link:../shared

  libs/jsx-factory: {}

  libs/shared: {}

  tools/create-lib:
    devDependencies:
      '@schemastore/package':
        specifier: ^0.0.10
        version: 0.0.10
      '@schemastore/tsconfig':
        specifier: ^0.0.11
        version: 0.0.11

packages:

  '@esbuild/android-arm64@0.19.7':
    resolution: {integrity: sha512-YEDcw5IT7hW3sFKZBkCAQaOCJQLONVcD4bOyTXMZz5fr66pTHnAet46XAtbXAkJRfIn2YVhdC6R9g4xa27jQ1w==}
    engines: {node: '>=12'}
    cpu: [arm64]
    os: [android]

  '@esbuild/android-arm@0.19.7':
    resolution: {integrity: sha512-YGSPnndkcLo4PmVl2tKatEn+0mlVMr3yEpOOT0BeMria87PhvoJb5dg5f5Ft9fbCVgtAz4pWMzZVgSEGpDAlww==}
    engines: {node: '>=12'}
    cpu: [arm]
    os: [android]

  '@esbuild/android-x64@0.19.7':
    resolution: {integrity: sha512-jhINx8DEjz68cChFvM72YzrqfwJuFbfvSxZAk4bebpngGfNNRm+zRl4rtT9oAX6N9b6gBcFaJHFew5Blf6CvUw==}
    engines: {node: '>=12'}
    cpu: [x64]
    os: [android]

  '@esbuild/darwin-arm64@0.19.7':
    resolution: {integrity: sha512-dr81gbmWN//3ZnBIm6YNCl4p3pjnabg1/ZVOgz2fJoUO1a3mq9WQ/1iuEluMs7mCL+Zwv7AY5e3g1hjXqQZ9Iw==}
    engines: {node: '>=12'}
    cpu: [arm64]
    os: [darwin]

  '@esbuild/darwin-x64@0.19.7':
    resolution: {integrity: sha512-Lc0q5HouGlzQEwLkgEKnWcSazqr9l9OdV2HhVasWJzLKeOt0PLhHaUHuzb8s/UIya38DJDoUm74GToZ6Wc7NGQ==}
    engines: {node: '>=12'}
    cpu: [x64]
    os: [darwin]

  '@esbuild/freebsd-arm64@0.19.7':
    resolution: {integrity: sha512-+y2YsUr0CxDFF7GWiegWjGtTUF6gac2zFasfFkRJPkMAuMy9O7+2EH550VlqVdpEEchWMynkdhC9ZjtnMiHImQ==}
    engines: {node: '>=12'}
    cpu: [arm64]
    os: [freebsd]

  '@esbuild/freebsd-x64@0.19.7':
    resolution: {integrity: sha512-CdXOxIbIzPJmJhrpmJTLx+o35NoiKBIgOvmvT+jeSadYiWJn0vFKsl+0bSG/5lwjNHoIDEyMYc/GAPR9jxusTA==}
    engines: {node: '>=12'}
    cpu: [x64]
    os: [freebsd]

  '@esbuild/linux-arm64@0.19.7':
    resolution: {integrity: sha512-inHqdOVCkUhHNvuQPT1oCB7cWz9qQ/Cz46xmVe0b7UXcuIJU3166aqSunsqkgSGMtUCWOZw3+KMwI6otINuC9g==}
    engines: {node: '>=12'}
    cpu: [arm64]
    os: [linux]

  '@esbuild/linux-arm@0.19.7':
    resolution: {integrity: sha512-Y+SCmWxsJOdQtjcBxoacn/pGW9HDZpwsoof0ttL+2vGcHokFlfqV666JpfLCSP2xLxFpF1lj7T3Ox3sr95YXww==}
    engines: {node: '>=12'}
    cpu: [arm]
    os: [linux]

  '@esbuild/linux-ia32@0.19.7':
    resolution: {integrity: sha512-2BbiL7nLS5ZO96bxTQkdO0euGZIUQEUXMTrqLxKUmk/Y5pmrWU84f+CMJpM8+EHaBPfFSPnomEaQiG/+Gmh61g==}
    engines: {node: '>=12'}
    cpu: [ia32]
    os: [linux]

  '@esbuild/linux-loong64@0.19.7':
    resolution: {integrity: sha512-BVFQla72KXv3yyTFCQXF7MORvpTo4uTA8FVFgmwVrqbB/4DsBFWilUm1i2Oq6zN36DOZKSVUTb16jbjedhfSHw==}
    engines: {node: '>=12'}
    cpu: [loong64]
    os: [linux]

  '@esbuild/linux-mips64el@0.19.7':
    resolution: {integrity: sha512-DzAYckIaK+pS31Q/rGpvUKu7M+5/t+jI+cdleDgUwbU7KdG2eC3SUbZHlo6Q4P1CfVKZ1lUERRFP8+q0ob9i2w==}
    engines: {node: '>=12'}
    cpu: [mips64el]
    os: [linux]

  '@esbuild/linux-ppc64@0.19.7':
    resolution: {integrity: sha512-JQ1p0SmUteNdUaaiRtyS59GkkfTW0Edo+e0O2sihnY4FoZLz5glpWUQEKMSzMhA430ctkylkS7+vn8ziuhUugQ==}
    engines: {node: '>=12'}
    cpu: [ppc64]
    os: [linux]

  '@esbuild/linux-riscv64@0.19.7':
    resolution: {integrity: sha512-xGwVJ7eGhkprY/nB7L7MXysHduqjpzUl40+XoYDGC4UPLbnG+gsyS1wQPJ9lFPcxYAaDXbdRXd1ACs9AE9lxuw==}
    engines: {node: '>=12'}
    cpu: [riscv64]
    os: [linux]

  '@esbuild/linux-s390x@0.19.7':
    resolution: {integrity: sha512-U8Rhki5PVU0L0nvk+E8FjkV8r4Lh4hVEb9duR6Zl21eIEYEwXz8RScj4LZWA2i3V70V4UHVgiqMpszXvG0Yqhg==}
    engines: {node: '>=12'}
    cpu: [s390x]
    os: [linux]

  '@esbuild/linux-x64@0.19.7':
    resolution: {integrity: sha512-ZYZopyLhm4mcoZXjFt25itRlocKlcazDVkB4AhioiL9hOWhDldU9n38g62fhOI4Pth6vp+Mrd5rFKxD0/S+7aQ==}
    engines: {node: '>=12'}
    cpu: [x64]
    os: [linux]

  '@esbuild/netbsd-x64@0.19.7':
    resolution: {integrity: sha512-/yfjlsYmT1O3cum3J6cmGG16Fd5tqKMcg5D+sBYLaOQExheAJhqr8xOAEIuLo8JYkevmjM5zFD9rVs3VBcsjtQ==}
    engines: {node: '>=12'}
    cpu: [x64]
    os: [netbsd]

  '@esbuild/openbsd-x64@0.19.7':
    resolution: {integrity: sha512-MYDFyV0EW1cTP46IgUJ38OnEY5TaXxjoDmwiTXPjezahQgZd+j3T55Ht8/Q9YXBM0+T9HJygrSRGV5QNF/YVDQ==}
    engines: {node: '>=12'}
    cpu: [x64]
    os: [openbsd]

  '@esbuild/sunos-x64@0.19.7':
    resolution: {integrity: sha512-JcPvgzf2NN/y6X3UUSqP6jSS06V0DZAV/8q0PjsZyGSXsIGcG110XsdmuWiHM+pno7/mJF6fjH5/vhUz/vA9fw==}
    engines: {node: '>=12'}
    cpu: [x64]
    os: [sunos]

  '@esbuild/win32-arm64@0.19.7':
    resolution: {integrity: sha512-ZA0KSYti5w5toax5FpmfcAgu3ZNJxYSRm0AW/Dao5up0YV1hDVof1NvwLomjEN+3/GMtaWDI+CIyJOMTRSTdMw==}
    engines: {node: '>=12'}
    cpu: [arm64]
    os: [win32]

  '@esbuild/win32-ia32@0.19.7':
    resolution: {integrity: sha512-CTOnijBKc5Jpk6/W9hQMMvJnsSYRYgveN6O75DTACCY18RA2nqka8dTZR+x/JqXCRiKk84+5+bRKXUSbbwsS0A==}
    engines: {node: '>=12'}
    cpu: [ia32]
    os: [win32]

  '@esbuild/win32-x64@0.19.7':
    resolution: {integrity: sha512-gRaP2sk6hc98N734luX4VpF318l3w+ofrtTu9j5L8EQXF+FzQKV6alCOHMVoJJHvVK/mGbwBXfOL1HETQu9IGQ==}
    engines: {node: '>=12'}
    cpu: [x64]
    os: [win32]

  '@jest/schemas@29.6.3':
    resolution: {integrity: sha512-mo5j5X+jIZmJQveBKeS/clAueipV7KgiX1vMgCxam1RNYiqE1w62n0/tJJnHtjW8ZHcQco5gY85jA3mi0L+nSA==}
    engines: {node: ^14.15.0 || ^16.10.0 || >=18.0.0}

  '@jridgewell/sourcemap-codec@1.4.15':
    resolution: {integrity: sha512-eF2rxCRulEKXHTRiDrDy6erMYWqNw4LPdQ8UQA4huuxaQsVeRPFl2oM8oDGxMFhJUWZf9McpLtJasDDZb/Bpeg==}

  '@napi-rs/magic-string-android-arm-eabi@0.3.4':
    resolution: {integrity: sha512-sszAYxqtzzJ4FDerDNHcqL9NhqPhj8W4DNiOanXYy50mA5oojlRtaAFPiB5ZMrWDBM32v5Q30LrmxQ4eTtu2Dg==}
    engines: {node: '>= 10'}
    cpu: [arm]
    os: [android]

  '@napi-rs/magic-string-android-arm64@0.3.4':
    resolution: {integrity: sha512-jdQ6HuO0X5rkX4MauTcWR4HWdgjakTOmmzqXg8L26+jOHVVG1LZE+Su5qvV4bP8vMb2h+vPE+JsnwqSmWymu3Q==}
    engines: {node: '>= 10'}
    cpu: [arm64]
    os: [android]

  '@napi-rs/magic-string-darwin-arm64@0.3.4':
    resolution: {integrity: sha512-6NmMtvURce9/oq09XBZmuIeI6lPLGtEJ2ZPO/QzL3nLZa6wygiCnO/sFACKYNg5/73ET5HMMTeuogE1JI+r2Lw==}
    engines: {node: '>= 10'}
    cpu: [arm64]
    os: [darwin]

  '@napi-rs/magic-string-darwin-x64@0.3.4':
    resolution: {integrity: sha512-f9LmfMiUAKDOtl0meOuLYeVb6OERrgGzrTg1Tn3R3fTAShM2kxRbfAuPE9ljuXxIFzOv/uqRNLSl/LqCJwpREA==}
    engines: {node: '>= 10'}
    cpu: [x64]
    os: [darwin]

  '@napi-rs/magic-string-freebsd-x64@0.3.4':
    resolution: {integrity: sha512-rqduQ4odiDK4QdM45xHWRTU4wtFIfpp8g8QGpz+3qqg7ivldDqbbNOrBaf6Oeu77uuEvWggnkyuChotfKgJdJQ==}
    engines: {node: '>= 10'}
    cpu: [x64]
    os: [freebsd]

  '@napi-rs/magic-string-linux-arm-gnueabihf@0.3.4':
    resolution: {integrity: sha512-pVaJEdEpiPqIfq3M4+yMAATS7Z9muDcWYn8H7GFH1ygh8GwgLgKfy/n/lG2M6zp18Mwd0x7E2E/qg9GgCyUzoQ==}
    engines: {node: '>= 10'}
    cpu: [arm]
    os: [linux]

  '@napi-rs/magic-string-linux-arm64-gnu@0.3.4':
    resolution: {integrity: sha512-9FwoAih/0tzEZx0BjYYIxWkSRMjonIn91RFM3q3MBs/evmThXUYXUqLNa1PPIkK1JoksswtDi48qWWLt8nGflQ==}
    engines: {node: '>= 10'}
    cpu: [arm64]
    os: [linux]

  '@napi-rs/magic-string-linux-arm64-musl@0.3.4':
    resolution: {integrity: sha512-wCR7R+WPOcAKmVQc1s6h6HwfwW1vL9pM8BjUY9Ljkdb8wt1LmZEmV2Sgfc1SfbRQzbyl+pKeufP6adRRQVzYDA==}
    engines: {node: '>= 10'}
    cpu: [arm64]
    os: [linux]

  '@napi-rs/magic-string-linux-x64-gnu@0.3.4':
    resolution: {integrity: sha512-sbxFDpYnt5WFbxQ1xozwOvh5A7IftqSI0WnE9O7KsQIOi0ej2dvFbfOW4tmFkvH/YP8KJELo5AhP2+kEq1DpYA==}
    engines: {node: '>= 10'}
    cpu: [x64]
    os: [linux]

  '@napi-rs/magic-string-linux-x64-musl@0.3.4':
    resolution: {integrity: sha512-jN4h/7e2Ul8v3UK5IZu38NXLMdzVWhY4uEDlnwuUAhwRh26wBQ1/pLD97Uy/Z3dFNBQPcsv60XS9fOM1YDNT6w==}
    engines: {node: '>= 10'}
    cpu: [x64]
    os: [linux]

  '@napi-rs/magic-string-win32-arm64-msvc@0.3.4':
    resolution: {integrity: sha512-gMUyTRHLWpzX2ntJFCbW2Gnla9Y/WUmbkZuW5SBAo/Jo8QojHn76Y4PNgnoXdzcsV9b/45RBxurYKAfFg9WTyg==}
    engines: {node: '>= 10'}
    cpu: [arm64]
    os: [win32]

  '@napi-rs/magic-string-win32-ia32-msvc@0.3.4':
    resolution: {integrity: sha512-QIMauMOvEHgL00K9np/c9CT/CRtLOz3mRTQqcZ9XGzSoAMrpxH71KSpDJrKl7h7Ro6TZ+hJ0C3T+JVuTCZNv4A==}
    engines: {node: '>= 10'}
    cpu: [ia32]
    os: [win32]

  '@napi-rs/magic-string-win32-x64-msvc@0.3.4':
    resolution: {integrity: sha512-V8FMSf828MzOI3P6/765MR7zHU6CUZqiyPhmAnwYoKFNxfv7oCviN/G6NcENeCdcYOvNgh5fYzaNLB96ndId5A==}
    engines: {node: '>= 10'}
    cpu: [x64]
    os: [win32]

  '@napi-rs/magic-string@0.3.4':
    resolution: {integrity: sha512-DEWl/B99RQsyMT3F9bvrXuhL01/eIQp/dtNSE3G1jQ4mTGRcP4iHWxoPZ577WrbjUinrNgvRA5+08g8fkPgimQ==}
    engines: {node: '>= 10'}

  '@nodelib/fs.scandir@2.1.5':
    resolution: {integrity: sha512-vq24Bq3ym5HEQm2NKCr3yXDwjc7vTsEThRDnkp2DK9p1uqLR+DHurm/NOTo0KG7HYHU7eppKZj3MyqYuMBf62g==}
    engines: {node: '>= 8'}

  '@nodelib/fs.stat@2.0.5':
    resolution: {integrity: sha512-RkhPPp2zrqDAQA/2jNhnztcPAlv64XdhIp7a7454A5ovI7Bukxgt7MX7udwAu3zg1DcpPU0rz3VV1SeaqvY4+A==}
    engines: {node: '>= 8'}

  '@nodelib/fs.walk@1.2.8':
    resolution: {integrity: sha512-oGB+UxlgWcgQkgwo8GcEGwemoTFt3FIO9ababBmaGwXIoBKZ+GTy0pP185beGg7Llih/NSHSV2XAs1lnznocSg==}
    engines: {node: '>= 8'}

  '@rollup/rollup-android-arm-eabi@4.5.1':
    resolution: {integrity: sha512-YaN43wTyEBaMqLDYeze+gQ4ZrW5RbTEGtT5o1GVDkhpdNcsLTnLRcLccvwy3E9wiDKWg9RIhuoy3JQKDRBfaZA==}
    cpu: [arm]
    os: [android]

  '@rollup/rollup-android-arm64@4.5.1':
    resolution: {integrity: sha512-n1bX+LCGlQVuPlCofO0zOKe1b2XkFozAVRoczT+yxWZPGnkEAKTTYVOGZz8N4sKuBnKMxDbfhUsB1uwYdup/sw==}
    cpu: [arm64]
    os: [android]

  '@rollup/rollup-darwin-arm64@4.5.1':
    resolution: {integrity: sha512-QqJBumdvfBqBBmyGHlKxje+iowZwrHna7pokj/Go3dV1PJekSKfmjKrjKQ/e6ESTGhkfPNLq3VXdYLAc+UtAQw==}
    cpu: [arm64]
    os: [darwin]

  '@rollup/rollup-darwin-x64@4.5.1':
    resolution: {integrity: sha512-RrkDNkR/P5AEQSPkxQPmd2ri8WTjSl0RYmuFOiEABkEY/FSg0a4riihWQGKDJ4LnV9gigWZlTMx2DtFGzUrYQw==}
    cpu: [x64]
    os: [darwin]

  '@rollup/rollup-linux-arm-gnueabihf@4.5.1':
    resolution: {integrity: sha512-ZFPxvUZmE+fkB/8D9y/SWl/XaDzNSaxd1TJUSE27XAKlRpQ2VNce/86bGd9mEUgL3qrvjJ9XTGwoX0BrJkYK/A==}
    cpu: [arm]
    os: [linux]

  '@rollup/rollup-linux-arm64-gnu@4.5.1':
    resolution: {integrity: sha512-FEuAjzVIld5WVhu+M2OewLmjmbXWd3q7Zcx+Rwy4QObQCqfblriDMMS7p7+pwgjZoo9BLkP3wa9uglQXzsB9ww==}
    cpu: [arm64]
    os: [linux]

  '@rollup/rollup-linux-arm64-musl@4.5.1':
    resolution: {integrity: sha512-f5Gs8WQixqGRtI0Iq/cMqvFYmgFzMinuJO24KRfnv7Ohi/HQclwrBCYkzQu1XfLEEt3DZyvveq9HWo4bLJf1Lw==}
    cpu: [arm64]
    os: [linux]

  '@rollup/rollup-linux-x64-gnu@4.5.1':
    resolution: {integrity: sha512-CWPkPGrFfN2vj3mw+S7A/4ZaU3rTV7AkXUr08W9lNP+UzOvKLVf34tWCqrKrfwQ0NTk5GFqUr2XGpeR2p6R4gw==}
    cpu: [x64]
    os: [linux]

  '@rollup/rollup-linux-x64-musl@4.5.1':
    resolution: {integrity: sha512-ZRETMFA0uVukUC9u31Ed1nx++29073goCxZtmZARwk5aF/ltuENaeTtRVsSQzFlzdd4J6L3qUm+EW8cbGt0CKQ==}
    cpu: [x64]
    os: [linux]

  '@rollup/rollup-win32-arm64-msvc@4.5.1':
    resolution: {integrity: sha512-ihqfNJNb2XtoZMSCPeoo0cYMgU04ksyFIoOw5S0JUVbOhafLot+KD82vpKXOurE2+9o/awrqIxku9MRR9hozHQ==}
    cpu: [arm64]
    os: [win32]

  '@rollup/rollup-win32-ia32-msvc@4.5.1':
    resolution: {integrity: sha512-zK9MRpC8946lQ9ypFn4gLpdwr5a01aQ/odiIJeL9EbgZDMgbZjjT/XzTqJvDfTmnE1kHdbG20sAeNlpc91/wbg==}
    cpu: [ia32]
    os: [win32]

  '@rollup/rollup-win32-x64-msvc@4.5.1':
    resolution: {integrity: sha512-5I3Nz4Sb9TYOtkRwlH0ow+BhMH2vnh38tZ4J4mggE48M/YyJyp/0sPSxhw1UeS1+oBgQ8q7maFtSeKpeRJu41Q==}
    cpu: [x64]
    os: [win32]

  '@schemastore/package@0.0.10':
    resolution: {integrity: sha512-D3LxMCnkgsb4LO5sDKf6E+yahM2SqpEHmkqMPDSJis5Cy/j2MgWo/g/iq0lECK0mrPWfx3hqKm2ZJlqxwbRJQA==}

  '@schemastore/tsconfig@0.0.11':
    resolution: {integrity: sha512-glWQsBTycNVlq8ZrdvvEGyvHCmTfJy+inpjby4DokwBEyRj5+SFyjWbh1OkZf1cXbdCzrR/fZAQSm5vS73PaYA==}

  '@sinclair/typebox@0.27.8':
    resolution: {integrity: sha512-+Fj43pSMwJs4KRrH/938Uf+uAELIgVBmQzg/q1YG10djyfA3TnrU8N8XzqCh/okZdszqBQTZf96idMfE5lnwTA==}

  '@types/chai-subset@1.3.5':
    resolution: {integrity: sha512-c2mPnw+xHtXDoHmdtcCXGwyLMiauiAyxWMzhGpqHC4nqI/Y5G2XhTampslK2rb59kpcuHon03UH8W6iYUzw88A==}

  '@types/chai@4.3.11':
    resolution: {integrity: sha512-qQR1dr2rGIHYlJulmr8Ioq3De0Le9E4MJ5AiaeAETJJpndT1uUNHsGFK3L/UIu+rbkQSdj8J/w2bCsBZc/Y5fQ==}

  '@types/node@22.16.3':
    resolution: {integrity: sha512-sr4Xz74KOUeYadexo1r8imhRtlVXcs+j3XK3TcoiYk7B1t3YRVJgtaD3cwX73NYb71pmVuMLNRhJ9XKdoDB74g==}

  '@vitest/expect@0.34.6':
    resolution: {integrity: sha512-QUzKpUQRc1qC7qdGo7rMK3AkETI7w18gTCUrsNnyjjJKYiuUB9+TQK3QnR1unhCnWRC0AbKv2omLGQDF/mIjOw==}

  '@vitest/runner@0.34.6':
    resolution: {integrity: sha512-1CUQgtJSLF47NnhN+F9X2ycxUP0kLHQ/JWvNHbeBfwW8CzEGgeskzNnHDyv1ieKTltuR6sdIHV+nmR6kPxQqzQ==}

  '@vitest/snapshot@0.34.6':
    resolution: {integrity: sha512-B3OZqYn6k4VaN011D+ve+AA4whM4QkcwcrwaKwAbyyvS/NB1hCWjFIBQxAQQSQir9/RtyAAGuq+4RJmbn2dH4w==}

  '@vitest/spy@0.34.6':
    resolution: {integrity: sha512-xaCvneSaeBw/cz8ySmF7ZwGvL0lBjfvqc1LpQ/vcdHEvpLn3Ff1vAvjw+CoGn0802l++5L/pxb7whwcWAw+DUQ==}

  '@vitest/utils@0.34.6':
    resolution: {integrity: sha512-IG5aDD8S6zlvloDsnzHw0Ut5xczlF+kv2BOTo+iXfPr54Yhi5qbVOgGB1hZaVq4iJ4C/MZ2J0y15IlsV/ZcI0A==}

  acorn-walk@8.3.0:
    resolution: {integrity: sha512-FS7hV565M5l1R08MXqo8odwMTB02C2UqzB17RVgu9EyuYFBqJZ3/ZY97sQD5FewVu1UyDFc1yztUDrAwT0EypA==}
    engines: {node: '>=0.4.0'}

  acorn@8.11.2:
    resolution: {integrity: sha512-nc0Axzp/0FILLEVsm4fNwLCwMttvhEI263QtVPQcbpfZZ3ts0hLsZGOpE6czNlid7CJ9MlyH8reXkpsf3YUY4w==}
    engines: {node: '>=0.4.0'}
    hasBin: true

  ansi-styles@5.2.0:
    resolution: {integrity: sha512-Cxwpt2SfTzTtXcfOlzGEee8O+c+MmUgGrNiBcXnuWxuFJHe6a5Hz7qwhwe5OgaSYI0IJvkLqWX1ASG+cJOkEiA==}
    engines: {node: '>=10'}

  assertion-error@1.1.0:
    resolution: {integrity: sha512-jgsaNduz+ndvGyFt3uSuWqvy4lCnIJiovtouQN5JZHOKCS2QuhEdbcQHFhVksz2N2U9hXJo8odG7ETyWlEeuDw==}

  balanced-match@1.0.2:
    resolution: {integrity: sha512-3oSeUO0TMV67hN1AmbXsK4yaqU7tjiHlbxRDZOpH0KW9+CeX4bRAaX0Anxt0tx2MrpRpWwQaPwIlISEJhYU5Pw==}

  brace-expansion@2.0.1:
    resolution: {integrity: sha512-XnAIvQ8eM+kC6aULx6wuQiwVsnzsi9d3WxzV3FpWTGA19F621kwdbsAcFKXgKUHZWsy+mY6iL1sHTxWEFCytDA==}

  braces@3.0.2:
    resolution: {integrity: sha512-b8um+L1RzM3WDSzvhm6gIz1yfTbBt6YTlcEKAvsmqCZZFw46z626lVj9j1yEPW33H5H+lBQpZMP1k8l+78Ha0A==}
    engines: {node: '>=8'}

  cac@6.7.14:
    resolution: {integrity: sha512-b6Ilus+c3RrdDk+JhLKUAQfzzgLEPy6wcXqS7f/xe1EETvsDP6GORG7SFuOs6cID5YkqchW/LXZbX5bc8j7ZcQ==}
    engines: {node: '>=8'}

  chai@4.3.10:
    resolution: {integrity: sha512-0UXG04VuVbruMUYbJ6JctvH0YnC/4q3/AkT18q4NaITo91CUm0liMS9VqzT9vZhVQ/1eqPanMWjBM+Juhfb/9g==}
    engines: {node: '>=4'}

  check-error@1.0.3:
    resolution: {integrity: sha512-iKEoDYaRmd1mxM90a2OEfWhjsjPpYPuQ+lMYsoxB126+t8fw7ySEO48nmDg5COTjxDI65/Y2OWpeEHk3ZOe8zg==}

  debug@4.3.4:
    resolution: {integrity: sha512-PRWFHuSU3eDtQJPvnNY7Jcket1j0t5OuOsFzPPzsekD52Zl8qUfFIPEiswXqIvHWGVHOgX+7G/vCNNhehwxfkQ==}
    engines: {node: '>=6.0'}
    peerDependencies:
      supports-color: '*'
    peerDependenciesMeta:
      supports-color:
        optional: true

  deep-eql@4.1.3:
    resolution: {integrity: sha512-WaEtAOpRA1MQ0eohqZjpGD8zdI0Ovsm8mmFhaDN8dvDZzyoUMcYDnf5Y6iu7HTXxf8JDS23qWa4a+hKCDyOPzw==}
    engines: {node: '>=6'}

  diff-sequences@29.6.3:
    resolution: {integrity: sha512-EjePK1srD3P08o2j4f0ExnylqRs5B9tJjcp9t1krH2qRi8CCdsYfwe9JgSLurFBWwq4uOlipzfk5fHNvwFKr8Q==}
    engines: {node: ^14.15.0 || ^16.10.0 || >=18.0.0}

  esbuild@0.19.7:
    resolution: {integrity: sha512-6brbTZVqxhqgbpqBR5MzErImcpA0SQdoKOkcWK/U30HtQxnokIpG3TX2r0IJqbFUzqLjhU/zC1S5ndgakObVCQ==}
    engines: {node: '>=12'}
    hasBin: true

  fast-glob@3.3.2:
    resolution: {integrity: sha512-oX2ruAFQwf/Orj8m737Y5adxDQO0LAB7/S5MnxCdTNDd4p6BsyIVsv9JQsATbTSq8KHRpLwIHbVlUNatxd+1Ow==}
    engines: {node: '>=8.6.0'}

  fastq@1.15.0:
    resolution: {integrity: sha512-wBrocU2LCXXa+lWBt8RoIRD89Fi8OdABODa/kEnyeyjS5aZO5/GNvI5sEINADqP/h8M29UHTHUb53sUu5Ihqdw==}

  fill-range@7.0.1:
    resolution: {integrity: sha512-qOo9F+dMUmC2Lcb4BbVvnKJxTPjCm+RRpe4gDuGrzkL7mEVl/djYSu2OdQ2Pa302N4oqkSg9ir6jaLWJ2USVpQ==}
    engines: {node: '>=8'}

  fsevents@2.3.3:
    resolution: {integrity: sha512-5xoDfX+fL7faATnagmWPpbFtwh/R77WmMMqqHGS65C3vvB0YHrgF+B1YmZ3441tMj5n63k0212XNoJwzlhffQw==}
    engines: {node: ^8.16.0 || ^10.6.0 || >=11.0.0}
    os: [darwin]

  get-func-name@2.0.2:
    resolution: {integrity: sha512-8vXOvuE167CtIc3OyItco7N/dpRtBbYOsPsXCz7X/PMnlGjYjSGuZJgM1Y7mmew7BKf9BqvLX2tnOVy1BBUsxQ==}

  glob-parent@5.1.2:
    resolution: {integrity: sha512-AOIgSQCepiJYwP3ARnGx+5VnTu2HBYdzbGP45eLw1vr3zB3vZLeyed1sC9hnbcOc9/SrMyM5RPQrkGz4aS9Zow==}
    engines: {node: '>= 6'}

  is-extglob@2.1.1:
    resolution: {integrity: sha512-SbKbANkN603Vi4jEZv49LeVJMn4yGwsbzZworEoyEiutsN3nJYdbO36zfhGJ6QEDpOZIFkDtnq5JRxmvl3jsoQ==}
    engines: {node: '>=0.10.0'}

  is-glob@4.0.3:
    resolution: {integrity: sha512-xelSayHH36ZgE7ZWhli7pW34hNbNl8Ojv5KVmkJD4hBdD3th8Tfk9vYasLM+mXWOZhFkgZfxhLSnrwRr4elSSg==}
    engines: {node: '>=0.10.0'}

  is-number@7.0.0:
    resolution: {integrity: sha512-41Cifkg6e8TylSpdtTpeLVMqvSBEVzTttHvERD741+pnZ8ANv0004MRL43QKPDlK9cGvNp6NZWZUBlbGXYxxng==}
    engines: {node: '>=0.12.0'}

  jsonc-parser@3.2.0:
    resolution: {integrity: sha512-gfFQZrcTc8CnKXp6Y4/CBT3fTc0OVuDofpre4aEeEpSBPV5X5v4+Vmx+8snU7RLPrNHPKSgLxGo9YuQzz20o+w==}

  local-pkg@0.4.3:
    resolution: {integrity: sha512-SFppqq5p42fe2qcZQqqEOiVRXl+WCP1MdT6k7BDEW1j++sp5fIY+/fdRQitvKgB5BrBcmrs5m/L0v2FrU5MY1g==}
    engines: {node: '>=14'}

  loupe@2.3.7:
    resolution: {integrity: sha512-zSMINGVYkdpYSOBmLi0D1Uo7JU9nVdQKrHxC8eYlV+9YKK9WePqAlL7lSlorG/U2Fw1w0hTBmaa/jrQ3UbPHtA==}

  magic-string@0.30.5:
    resolution: {integrity: sha512-7xlpfBaQaP/T6Vh8MO/EqXSW5En6INHEvEXQiuff7Gku0PWjU3uf6w/j9o7O+SpB5fOAkrI5HeoNgwjEO0pFsA==}
    engines: {node: '>=12'}

  merge2@1.4.1:
    resolution: {integrity: sha512-8q7VEgMJW4J8tcfVPy8g09NcQwZdbwFEqhe/WZkoIzjn/3TGDwtOCYtXGxA3O8tPzpczCCDgv+P2P5y00ZJOOg==}
    engines: {node: '>= 8'}

  micromatch@4.0.5:
    resolution: {integrity: sha512-DMy+ERcEW2q8Z2Po+WNXuw3c5YaUSFjAO5GsJqfEl7UjvtIuFKO6ZrKvcItdy98dwFI2N1tg3zNIdKaQT+aNdA==}
    engines: {node: '>=8.6'}

  minimatch@6.2.0:
    resolution: {integrity: sha512-sauLxniAmvnhhRjFwPNnJKaPFYyddAgbYdeUpHULtCT/GhzdCx/MDNy+Y40lBxTQUrMzDE8e0S43Z5uqfO0REg==}
    engines: {node: '>=10'}

  mlly@1.4.2:
    resolution: {integrity: sha512-i/Ykufi2t1EZ6NaPLdfnZk2AX8cs0d+mTzVKuPfqPKPatxLApaBoxJQ9x1/uckXtrS/U5oisPMDkNs0yQTaBRg==}

  ms@2.1.2:
    resolution: {integrity: sha512-sGkPx+VjMtmA6MX27oA4FBFELFCZZ4S4XqeGOXCv68tT+jb3vk/RyaKWP0PTKyWtmLSM0b+adUTEvbs1PEaH2w==}

  nanoid@3.3.7:
    resolution: {integrity: sha512-eSRppjcPIatRIMC1U6UngP8XFcz8MQWGQdt1MTBQ7NaAmvXDfvNxbvWV3x2y6CdEUciCSsDHDQZbhYaB8QEo2g==}
    engines: {node: ^10 || ^12 || ^13.7 || ^14 || >=15.0.1}
    hasBin: true

  p-limit@4.0.0:
    resolution: {integrity: sha512-5b0R4txpzjPWVw/cXXUResoD4hb6U/x9BH08L7nw+GN1sezDzPdxeRvpc9c433fZhBan/wusjbCsqwqm4EIBIQ==}
    engines: {node: ^12.20.0 || ^14.13.1 || >=16.0.0}

  pathe@1.1.1:
    resolution: {integrity: sha512-d+RQGp0MAYTIaDBIMmOfMwz3E+LOZnxx1HZd5R18mmCZY0QBlK0LDZfPc8FW8Ed2DlvsuE6PRjroDY+wg4+j/Q==}

  pathval@1.1.1:
    resolution: {integrity: sha512-Dp6zGqpTdETdR63lehJYPeIOqpiNBNtc7BpWSLrOje7UaIsE5aY92r/AunQA7rsXvet3lrJ3JnZX29UPTKXyKQ==}

  picocolors@1.0.0:
    resolution: {integrity: sha512-1fygroTLlHu66zi26VoTDv8yRgm0Fccecssto+MhsZ0D/DGW2sm8E8AjW7NU5VVTRt5GxbeZ5qBuJr+HyLYkjQ==}

  picomatch@2.3.1:
    resolution: {integrity: sha512-JU3teHTNjmE2VCGFzuY8EXzCDVwEqB2a8fsIvwaStHhAWJEeVd1o1QD80CU6+ZdEXXSLbSsuLwJjkCBWqRQUVA==}
    engines: {node: '>=8.6'}

  pkg-types@1.0.3:
    resolution: {integrity: sha512-nN7pYi0AQqJnoLPC9eHFQ8AcyaixBUOwvqc5TDnIKCMEE6I0y8P7OKA7fPexsXGCGxQDl/cmrLAp26LhcwxZ4A==}

  postcss@8.4.32:
    resolution: {integrity: sha512-D/kj5JNu6oo2EIy+XL/26JEDTlIbB8hw85G8StOE6L74RQAVVP5rej6wxCNqyMbR4RkPfqvezVbPw81Ngd6Kcw==}
    engines: {node: ^10 || ^12 || >=14}

  prettier@3.1.0:
    resolution: {integrity: sha512-TQLvXjq5IAibjh8EpBIkNKxO749UEWABoiIZehEPiY4GNpVdhaFKqSTu+QrlU6D2dPAfubRmtJTi4K4YkQ5eXw==}
    engines: {node: '>=14'}
    hasBin: true

  pretty-format@29.7.0:
    resolution: {integrity: sha512-Pdlw/oPxN+aXdmM9R00JVC9WVFoCLTKJvDVLgmJ+qAffBMxsV85l/Lu7sNx4zSzPyoL2euImuEwHhOXdEgNFZQ==}
    engines: {node: ^14.15.0 || ^16.10.0 || >=18.0.0}

  queue-microtask@1.2.3:
    resolution: {integrity: sha512-NuaNSa6flKT5JaSYQzJok04JzTL1CA6aGhv5rfLW3PgqA+M2ChpZQnAC8h8i4ZFkBS8X5RqkDBHA7r4hej3K9A==}

  react-is@18.2.0:
    resolution: {integrity: sha512-xWGDIW6x921xtzPkhiULtthJHoJvBbF3q26fzloPCK0hsvxtPVelvftw3zjbHWSkR2km9Z+4uxbDDK/6Zw9B8w==}

  reusify@1.0.4:
    resolution: {integrity: sha512-U9nH88a3fc/ekCF1l0/UP1IosiuIjyTh7hBvXVMHYgVcfGvt897Xguj2UOLDeI5BG2m7/uwyaLVT6fbtCwTyzw==}
    engines: {iojs: '>=1.0.0', node: '>=0.10.0'}

  rollup@4.5.1:
    resolution: {integrity: sha512-0EQribZoPKpb5z1NW/QYm3XSR//Xr8BeEXU49Lc/mQmpmVVG5jPUVrpc2iptup/0WMrY9mzas0fxH+TjYvG2CA==}
    engines: {node: '>=18.0.0', npm: '>=8.0.0'}
    hasBin: true

  run-parallel@1.2.0:
    resolution: {integrity: sha512-5l4VyZR86LZ/lDxZTR6jqL8AFE2S0IFLMP26AbjsLVADxHdhB/c0GUsH+y39UfCi3dzz8OlQuPmnaJOMoDHQBA==}

  siginfo@2.0.0:
    resolution: {integrity: sha512-ybx0WO1/8bSBLEWXZvEd7gMW3Sn3JFlW3TvX1nREbDLRNQNaeNN8WK0meBwPdAaOI7TtRRRJn/Es1zhrrCHu7g==}

  source-map-js@1.0.2:
    resolution: {integrity: sha512-R0XvVJ9WusLiqTCEiGCmICCMplcCkIwwR11mOSD9CR5u+IXYdiseeEuXCVAjS54zqwkLcPNnmU4OeJ6tUrWhDw==}
    engines: {node: '>=0.10.0'}

  stackback@0.0.2:
    resolution: {integrity: sha512-1XMJE5fQo1jGH6Y/7ebnwPOBEkIEnT4QF32d5R1+VXdXveM0IBMJt8zfaxX1P3QhVwrYe+576+jkANtSS2mBbw==}

  std-env@3.5.0:
    resolution: {integrity: sha512-JGUEaALvL0Mf6JCfYnJOTcobY+Nc7sG/TemDRBqCA0wEr4DER7zDchaaixTlmOxAjG1uRJmX82EQcxwTQTkqVA==}

  strip-literal@1.3.0:
    resolution: {integrity: sha512-PugKzOsyXpArk0yWmUwqOZecSO0GH0bPoctLcqNDH9J04pVW3lflYE0ujElBGTloevcxF5MofAOZ7C5l2b+wLg==}

  tinybench@2.5.1:
    resolution: {integrity: sha512-65NKvSuAVDP/n4CqH+a9w2kTlLReS9vhsAP06MWx+/89nMinJyB2icyl58RIcqCmIggpojIGeuJGhjU1aGMBSg==}

  tinypool@0.7.0:
    resolution: {integrity: sha512-zSYNUlYSMhJ6Zdou4cJwo/p7w5nmAH17GRfU/ui3ctvjXFErXXkruT4MWW6poDeXgCaIBlGLrfU6TbTXxyGMww==}
    engines: {node: '>=14.0.0'}

  tinyspy@2.2.0:
    resolution: {integrity: sha512-d2eda04AN/cPOR89F7Xv5bK/jrQEhmcLFe6HFldoeO9AJtps+fqEnh486vnT/8y4bw38pSyxDcTCAq+Ks2aJTg==}
    engines: {node: '>=14.0.0'}

  to-regex-range@5.0.1:
    resolution: {integrity: sha512-65P7iz6X5yEr1cwcgvQxbbIw7Uk3gOy5dIdtZ4rDveLqhrdJP+Li/Hx6tyK0NEb+2GCyneCMJiGqrADCSNk8sQ==}
    engines: {node: '>=8.0'}

  type-detect@4.0.8:
    resolution: {integrity: sha512-0fr/mIH1dlO+x7TlcMy+bIDqKPsw/70tVyeHW787goQjhmqaZe10uwLujubK9q9Lg6Fiho1KUKDYz0Z7k7g5/g==}
    engines: {node: '>=4'}

  typescript@5.8.3:
    resolution: {integrity: sha512-p1diW6TqL9L07nNxvRMM7hMMw4c5XOo/1ibL4aAIGmSAt9slTE1Xgw5KWuof2uTOvCg9BY7ZRi+GaF+7sfgPeQ==}
    engines: {node: '>=14.17'}
    hasBin: true

  ufo@1.3.2:
    resolution: {integrity: sha512-o+ORpgGwaYQXgqGDwd+hkS4PuZ3QnmqMMxRuajK/a38L6fTpcE5GPIfrf+L/KemFzfUpeUQc1rRS1iDBozvnFA==}

  undici-types@6.21.0:
    resolution: {integrity: sha512-iwDZqg0QAGrg9Rav5H4n0M64c3mkR59cJ6wQp+7C4nI0gsmExaedaYLNO44eT4AtBBwjbTiGPMlt2Md0T9H9JQ==}

  vite-node@0.34.6:
    resolution: {integrity: sha512-nlBMJ9x6n7/Amaz6F3zJ97EBwR2FkzhBRxF5e+jE6LA3yi6Wtc2lyTij1OnDMIr34v5g/tVQtsVAzhT0jc5ygA==}
    engines: {node: '>=v14.18.0'}
    hasBin: true

  vite-plugin-plain-text@1.4.2:
    resolution: {integrity: sha512-nkCWW16lkTidaGZ9kItwMZ5OEkUeXMrY4Okc9IQXrN/p6SAuDYmEiGqMRKl1rnhm6CR1h98uJtn+ODkv0cL7DA==}

  vite@5.0.5:
    resolution: {integrity: sha512-OekeWqR9Ls56f3zd4CaxzbbS11gqYkEiBtnWFFgYR2WV8oPJRRKq0mpskYy/XaoCL3L7VINDhqqOMNDiYdGvGg==}
    engines: {node: ^18.0.0 || >=20.0.0}
    hasBin: true
    peerDependencies:
      '@types/node': ^18.0.0 || >=20.0.0
      less: '*'
      lightningcss: ^1.21.0
      sass: '*'
      stylus: '*'
      sugarss: '*'
      terser: ^5.4.0
    peerDependenciesMeta:
      '@types/node':
        optional: true
      less:
        optional: true
      lightningcss:
        optional: true
      sass:
        optional: true
      stylus:
        optional: true
      sugarss:
        optional: true
      terser:
        optional: true

  vitest@0.34.6:
    resolution: {integrity: sha512-+5CALsOvbNKnS+ZHMXtuUC7nL8/7F1F2DnHGjSsszX8zCjWSSviphCb/NuS9Nzf4Q03KyyDRBAXhF/8lffME4Q==}
    engines: {node: '>=v14.18.0'}
    hasBin: true
    peerDependencies:
      '@edge-runtime/vm': '*'
      '@vitest/browser': '*'
      '@vitest/ui': '*'
      happy-dom: '*'
      jsdom: '*'
      playwright: '*'
      safaridriver: '*'
      webdriverio: '*'
    peerDependenciesMeta:
      '@edge-runtime/vm':
        optional: true
      '@vitest/browser':
        optional: true
      '@vitest/ui':
        optional: true
      happy-dom:
        optional: true
      jsdom:
        optional: true
      playwright:
        optional: true
      safaridriver:
        optional: true
      webdriverio:
        optional: true

  why-is-node-running@2.2.2:
    resolution: {integrity: sha512-6tSwToZxTOcotxHeA+qGCq1mVzKR3CwcJGmVcY+QE8SHy6TnpFnh8PAvPNHYr7EcuVeG0QSMxtYCuO1ta/G/oA==}
    engines: {node: '>=8'}
    hasBin: true

  yocto-queue@1.0.0:
    resolution: {integrity: sha512-9bnSc/HEW2uRy67wc+T8UwauLuPJVn28jb+GtJY16iiKWyvmYJRXVT4UamsAEGQfPohgr2q4Tq0sQbQlxTfi1g==}
    engines: {node: '>=12.20'}

snapshots:

  '@esbuild/android-arm64@0.19.7':
    optional: true

  '@esbuild/android-arm@0.19.7':
    optional: true

  '@esbuild/android-x64@0.19.7':
    optional: true

  '@esbuild/darwin-arm64@0.19.7':
    optional: true

  '@esbuild/darwin-x64@0.19.7':
    optional: true

  '@esbuild/freebsd-arm64@0.19.7':
    optional: true

  '@esbuild/freebsd-x64@0.19.7':
    optional: true

  '@esbuild/linux-arm64@0.19.7':
    optional: true

  '@esbuild/linux-arm@0.19.7':
    optional: true

  '@esbuild/linux-ia32@0.19.7':
    optional: true

  '@esbuild/linux-loong64@0.19.7':
    optional: true

  '@esbuild/linux-mips64el@0.19.7':
    optional: true

  '@esbuild/linux-ppc64@0.19.7':
    optional: true

  '@esbuild/linux-riscv64@0.19.7':
    optional: true

  '@esbuild/linux-s390x@0.19.7':
    optional: true

  '@esbuild/linux-x64@0.19.7':
    optional: true

  '@esbuild/netbsd-x64@0.19.7':
    optional: true

  '@esbuild/openbsd-x64@0.19.7':
    optional: true

  '@esbuild/sunos-x64@0.19.7':
    optional: true

  '@esbuild/win32-arm64@0.19.7':
    optional: true

  '@esbuild/win32-ia32@0.19.7':
    optional: true

  '@esbuild/win32-x64@0.19.7':
    optional: true

  '@jest/schemas@29.6.3':
    dependencies:
      '@sinclair/typebox': 0.27.8

  '@jridgewell/sourcemap-codec@1.4.15': {}

  '@napi-rs/magic-string-android-arm-eabi@0.3.4':
    optional: true

  '@napi-rs/magic-string-android-arm64@0.3.4':
    optional: true

  '@napi-rs/magic-string-darwin-arm64@0.3.4':
    optional: true

  '@napi-rs/magic-string-darwin-x64@0.3.4':
    optional: true

  '@napi-rs/magic-string-freebsd-x64@0.3.4':
    optional: true

  '@napi-rs/magic-string-linux-arm-gnueabihf@0.3.4':
    optional: true

  '@napi-rs/magic-string-linux-arm64-gnu@0.3.4':
    optional: true

  '@napi-rs/magic-string-linux-arm64-musl@0.3.4':
    optional: true

  '@napi-rs/magic-string-linux-x64-gnu@0.3.4':
    optional: true

  '@napi-rs/magic-string-linux-x64-musl@0.3.4':
    optional: true

  '@napi-rs/magic-string-win32-arm64-msvc@0.3.4':
    optional: true

  '@napi-rs/magic-string-win32-ia32-msvc@0.3.4':
    optional: true

  '@napi-rs/magic-string-win32-x64-msvc@0.3.4':
    optional: true

  '@napi-rs/magic-string@0.3.4':
    optionalDependencies:
      '@napi-rs/magic-string-android-arm-eabi': 0.3.4
      '@napi-rs/magic-string-android-arm64': 0.3.4
      '@napi-rs/magic-string-darwin-arm64': 0.3.4
      '@napi-rs/magic-string-darwin-x64': 0.3.4
      '@napi-rs/magic-string-freebsd-x64': 0.3.4
      '@napi-rs/magic-string-linux-arm-gnueabihf': 0.3.4
      '@napi-rs/magic-string-linux-arm64-gnu': 0.3.4
      '@napi-rs/magic-string-linux-arm64-musl': 0.3.4
      '@napi-rs/magic-string-linux-x64-gnu': 0.3.4
      '@napi-rs/magic-string-linux-x64-musl': 0.3.4
      '@napi-rs/magic-string-win32-arm64-msvc': 0.3.4
      '@napi-rs/magic-string-win32-ia32-msvc': 0.3.4
      '@napi-rs/magic-string-win32-x64-msvc': 0.3.4

  '@nodelib/fs.scandir@2.1.5':
    dependencies:
      '@nodelib/fs.stat': 2.0.5
      run-parallel: 1.2.0

  '@nodelib/fs.stat@2.0.5': {}

  '@nodelib/fs.walk@1.2.8':
    dependencies:
      '@nodelib/fs.scandir': 2.1.5
      fastq: 1.15.0

  '@rollup/rollup-android-arm-eabi@4.5.1':
    optional: true

  '@rollup/rollup-android-arm64@4.5.1':
    optional: true

  '@rollup/rollup-darwin-arm64@4.5.1':
    optional: true

  '@rollup/rollup-darwin-x64@4.5.1':
    optional: true

  '@rollup/rollup-linux-arm-gnueabihf@4.5.1':
    optional: true

  '@rollup/rollup-linux-arm64-gnu@4.5.1':
    optional: true

  '@rollup/rollup-linux-arm64-musl@4.5.1':
    optional: true

  '@rollup/rollup-linux-x64-gnu@4.5.1':
    optional: true

  '@rollup/rollup-linux-x64-musl@4.5.1':
    optional: true

  '@rollup/rollup-win32-arm64-msvc@4.5.1':
    optional: true

  '@rollup/rollup-win32-ia32-msvc@4.5.1':
    optional: true

  '@rollup/rollup-win32-x64-msvc@4.5.1':
    optional: true

  '@schemastore/package@0.0.10': {}

  '@schemastore/tsconfig@0.0.11': {}

  '@sinclair/typebox@0.27.8': {}

  '@types/chai-subset@1.3.5':
    dependencies:
      '@types/chai': 4.3.11

  '@types/chai@4.3.11': {}

  '@types/node@22.16.3':
    dependencies:
      undici-types: 6.21.0

  '@vitest/expect@0.34.6':
    dependencies:
      '@vitest/spy': 0.34.6
      '@vitest/utils': 0.34.6
      chai: 4.3.10

  '@vitest/runner@0.34.6':
    dependencies:
      '@vitest/utils': 0.34.6
      p-limit: 4.0.0
      pathe: 1.1.1

  '@vitest/snapshot@0.34.6':
    dependencies:
      magic-string: 0.30.5
      pathe: 1.1.1
      pretty-format: 29.7.0

  '@vitest/spy@0.34.6':
    dependencies:
      tinyspy: 2.2.0

  '@vitest/utils@0.34.6':
    dependencies:
      diff-sequences: 29.6.3
      loupe: 2.3.7
      pretty-format: 29.7.0

  acorn-walk@8.3.0: {}

  acorn@8.11.2: {}

  ansi-styles@5.2.0: {}

  assertion-error@1.1.0: {}

  balanced-match@1.0.2: {}

  brace-expansion@2.0.1:
    dependencies:
      balanced-match: 1.0.2

  braces@3.0.2:
    dependencies:
      fill-range: 7.0.1

  cac@6.7.14: {}

  chai@4.3.10:
    dependencies:
      assertion-error: 1.1.0
      check-error: 1.0.3
      deep-eql: 4.1.3
      get-func-name: 2.0.2
      loupe: 2.3.7
      pathval: 1.1.1
      type-detect: 4.0.8

  check-error@1.0.3:
    dependencies:
      get-func-name: 2.0.2

  debug@4.3.4:
    dependencies:
      ms: 2.1.2

  deep-eql@4.1.3:
    dependencies:
      type-detect: 4.0.8

  diff-sequences@29.6.3: {}

  esbuild@0.19.7:
    optionalDependencies:
      '@esbuild/android-arm': 0.19.7
      '@esbuild/android-arm64': 0.19.7
      '@esbuild/android-x64': 0.19.7
      '@esbuild/darwin-arm64': 0.19.7
      '@esbuild/darwin-x64': 0.19.7
      '@esbuild/freebsd-arm64': 0.19.7
      '@esbuild/freebsd-x64': 0.19.7
      '@esbuild/linux-arm': 0.19.7
      '@esbuild/linux-arm64': 0.19.7
      '@esbuild/linux-ia32': 0.19.7
      '@esbuild/linux-loong64': 0.19.7
      '@esbuild/linux-mips64el': 0.19.7
      '@esbuild/linux-ppc64': 0.19.7
      '@esbuild/linux-riscv64': 0.19.7
      '@esbuild/linux-s390x': 0.19.7
      '@esbuild/linux-x64': 0.19.7
      '@esbuild/netbsd-x64': 0.19.7
      '@esbuild/openbsd-x64': 0.19.7
      '@esbuild/sunos-x64': 0.19.7
      '@esbuild/win32-arm64': 0.19.7
      '@esbuild/win32-ia32': 0.19.7
      '@esbuild/win32-x64': 0.19.7

  fast-glob@3.3.2:
    dependencies:
      '@nodelib/fs.stat': 2.0.5
      '@nodelib/fs.walk': 1.2.8
      glob-parent: 5.1.2
      merge2: 1.4.1
      micromatch: 4.0.5

  fastq@1.15.0:
    dependencies:
      reusify: 1.0.4

  fill-range@7.0.1:
    dependencies:
      to-regex-range: 5.0.1

  fsevents@2.3.3:
    optional: true

  get-func-name@2.0.2: {}

  glob-parent@5.1.2:
    dependencies:
      is-glob: 4.0.3

  is-extglob@2.1.1: {}

  is-glob@4.0.3:
    dependencies:
      is-extglob: 2.1.1

  is-number@7.0.0: {}

  jsonc-parser@3.2.0: {}

  local-pkg@0.4.3: {}

  loupe@2.3.7:
    dependencies:
      get-func-name: 2.0.2

  magic-string@0.30.5:
    dependencies:
      '@jridgewell/sourcemap-codec': 1.4.15

  merge2@1.4.1: {}

  micromatch@4.0.5:
    dependencies:
      braces: 3.0.2
      picomatch: 2.3.1

  minimatch@6.2.0:
    dependencies:
      brace-expansion: 2.0.1

  mlly@1.4.2:
    dependencies:
      acorn: 8.11.2
      pathe: 1.1.1
      pkg-types: 1.0.3
      ufo: 1.3.2

  ms@2.1.2: {}

  nanoid@3.3.7: {}

  p-limit@4.0.0:
    dependencies:
      yocto-queue: 1.0.0

  pathe@1.1.1: {}

  pathval@1.1.1: {}

  picocolors@1.0.0: {}

  picomatch@2.3.1: {}

  pkg-types@1.0.3:
    dependencies:
      jsonc-parser: 3.2.0
      mlly: 1.4.2
      pathe: 1.1.1

  postcss@8.4.32:
    dependencies:
      nanoid: 3.3.7
      picocolors: 1.0.0
      source-map-js: 1.0.2

  prettier@3.1.0: {}

  pretty-format@29.7.0:
    dependencies:
      '@jest/schemas': 29.6.3
      ansi-styles: 5.2.0
      react-is: 18.2.0

  queue-microtask@1.2.3: {}

  react-is@18.2.0: {}

  reusify@1.0.4: {}

  rollup@4.5.1:
    optionalDependencies:
      '@rollup/rollup-android-arm-eabi': 4.5.1
      '@rollup/rollup-android-arm64': 4.5.1
      '@rollup/rollup-darwin-arm64': 4.5.1
      '@rollup/rollup-darwin-x64': 4.5.1
      '@rollup/rollup-linux-arm-gnueabihf': 4.5.1
      '@rollup/rollup-linux-arm64-gnu': 4.5.1
      '@rollup/rollup-linux-arm64-musl': 4.5.1
      '@rollup/rollup-linux-x64-gnu': 4.5.1
      '@rollup/rollup-linux-x64-musl': 4.5.1
      '@rollup/rollup-win32-arm64-msvc': 4.5.1
      '@rollup/rollup-win32-ia32-msvc': 4.5.1
      '@rollup/rollup-win32-x64-msvc': 4.5.1
      fsevents: 2.3.3

  run-parallel@1.2.0:
    dependencies:
      queue-microtask: 1.2.3

  siginfo@2.0.0: {}

  source-map-js@1.0.2: {}

  stackback@0.0.2: {}

  std-env@3.5.0: {}

  strip-literal@1.3.0:
    dependencies:
      acorn: 8.11.2

  tinybench@2.5.1: {}

  tinypool@0.7.0: {}

  tinyspy@2.2.0: {}

  to-regex-range@5.0.1:
    dependencies:
      is-number: 7.0.0

  type-detect@4.0.8: {}

  typescript@5.8.3: {}

  ufo@1.3.2: {}

  undici-types@6.21.0: {}

  vite-node@0.34.6(@types/node@22.16.3):
    dependencies:
      cac: 6.7.14
      debug: 4.3.4
      mlly: 1.4.2
      pathe: 1.1.1
      picocolors: 1.0.0
      vite: 5.0.5(@types/node@22.16.3)
    transitivePeerDependencies:
      - '@types/node'
      - less
      - lightningcss
      - sass
      - stylus
      - sugarss
      - supports-color
      - terser

  vite-plugin-plain-text@1.4.2:
    dependencies:
      '@napi-rs/magic-string': 0.3.4
      fast-glob: 3.3.2
      minimatch: 6.2.0

  vite@5.0.5(@types/node@22.16.3):
    dependencies:
      esbuild: 0.19.7
      postcss: 8.4.32
      rollup: 4.5.1
    optionalDependencies:
      '@types/node': 22.16.3
      fsevents: 2.3.3

  vitest@0.34.6:
    dependencies:
      '@types/chai': 4.3.11
      '@types/chai-subset': 1.3.5
      '@types/node': 22.16.3
      '@vitest/expect': 0.34.6
      '@vitest/runner': 0.34.6
      '@vitest/snapshot': 0.34.6
      '@vitest/spy': 0.34.6
      '@vitest/utils': 0.34.6
      acorn: 8.11.2
      acorn-walk: 8.3.0
      cac: 6.7.14
      chai: 4.3.10
      debug: 4.3.4
      local-pkg: 0.4.3
      magic-string: 0.30.5
      pathe: 1.1.1
      picocolors: 1.0.0
      std-env: 3.5.0
      strip-literal: 1.3.0
      tinybench: 2.5.1
      tinypool: 0.7.0
      vite: 5.0.5(@types/node@22.16.3)
      vite-node: 0.34.6(@types/node@22.16.3)
      why-is-node-running: 2.2.2
    transitivePeerDependencies:
      - less
      - lightningcss
      - sass
      - stylus
      - sugarss
      - supports-color
      - terser

  why-is-node-running@2.2.2:
    dependencies:
      siginfo: 2.0.0
      stackback: 0.0.2

  yocto-queue@1.0.0: {}
